{
  "version": 4,
  "terraform_version": "1.5.7",
  "serial": 127,
  "lineage": "d324418c-3708-8cdf-e19f-74432daa7339",
  "outputs": {},
  "resources": [
    {
      "mode": "managed",
      "type": "azurerm_mssql_virtual_machine",
      "name": "mssqlmachine",
      "provider": "provider[\"registry.terraform.io/hashicorp/azurerm\"]",
      "instances": [
        {
          "schema_version": 0,
          "attributes": {
            "assessment": [],
            "auto_backup": [],
            "auto_patching": [],
            "id": "/subscriptions/1ed2ad0b-f27c-450a-b603-d1a5da681ba2/resourceGroups/app-grp/providers/Microsoft.SqlVirtualMachine/sqlVirtualMachines/dbvm",
            "key_vault_credential": [],
            "r_services_enabled": false,
            "sql_connectivity_port": 1433,
            "sql_connectivity_type": "PUBLIC",
            "sql_connectivity_update_password": "Azure@1234",
            "sql_connectivity_update_username": "sqladmin",
            "sql_instance": [],
            "sql_license_type": "PAYG",
            "sql_virtual_machine_group_id": "",
            "storage_configuration": [],
            "tags": null,
            "timeouts": null,
            "virtual_machine_id": "/subscriptions/1ed2ad0b-f27c-450a-b603-d1a5da681ba2/resourceGroups/app-grp/providers/Microsoft.Compute/virtualMachines/dbvm",
            "wsfc_domain_credential": []
          },
          "sensitive_attributes": [],
          "private": "eyJlMmJmYjczMC1lY2FhLTExZTYtOGY4OC0zNDM2M2JjN2M0YzAiOnsiY3JlYXRlIjozNjAwMDAwMDAwMDAwLCJkZWxldGUiOjM2MDAwMDAwMDAwMDAsInJlYWQiOjMwMDAwMDAwMDAwMCwidXBkYXRlIjozNjAwMDAwMDAwMDAwfX0=",
          "dependencies": [
            "azurerm_network_interface.dbinterface",
            "azurerm_public_ip.dbip",
            "azurerm_resource_group.appgrp",
            "azurerm_subnet.dbsubnet",
            "azurerm_virtual_network.appnetwork",
            "azurerm_windows_virtual_machine.dbvm"
          ]
        }
      ]
    },
    {
      "mode": "managed",
      "type": "azurerm_network_interface",
      "name": "dbinterface",
      "provider": "provider[\"registry.terraform.io/hashicorp/azurerm\"]",
      "instances": [
        {
          "schema_version": 0,
          "attributes": {
            "applied_dns_servers": [],
            "dns_servers": [],
            "edge_zone": "",
            "enable_accelerated_networking": false,
            "enable_ip_forwarding": false,
            "id": "/subscriptions/1ed2ad0b-f27c-450a-b603-d1a5da681ba2/resourceGroups/app-grp/providers/Microsoft.Network/networkInterfaces/dbinterface",
            "internal_dns_name_label": "",
            "internal_domain_name_suffix": "13vb04gr4elubo0lv0jbz0cdqh.fx.internal.cloudapp.net",
            "ip_configuration": [
              {
                "gateway_load_balancer_frontend_ip_configuration_id": "",
                "name": "internal",
                "primary": true,
                "private_ip_address": "10.0.1.4",
                "private_ip_address_allocation": "Dynamic",
                "private_ip_address_version": "IPv4",
                "public_ip_address_id": "/subscriptions/1ed2ad0b-f27c-450a-b603-d1a5da681ba2/resourceGroups/app-grp/providers/Microsoft.Network/publicIPAddresses/db-ip",
                "subnet_id": "/subscriptions/1ed2ad0b-f27c-450a-b603-d1a5da681ba2/resourceGroups/app-grp/providers/Microsoft.Network/virtualNetworks/app-network/subnets/dbsubnet"
              }
            ],
            "location": "northeurope",
            "mac_address": "",
            "name": "dbinterface",
            "private_ip_address": "10.0.1.4",
            "private_ip_addresses": [
              "10.0.1.4"
            ],
            "resource_group_name": "app-grp",
            "tags": null,
            "timeouts": null,
            "virtual_machine_id": ""
          },
          "sensitive_attributes": [],
          "private": "eyJlMmJmYjczMC1lY2FhLTExZTYtOGY4OC0zNDM2M2JjN2M0YzAiOnsiY3JlYXRlIjoxODAwMDAwMDAwMDAwLCJkZWxldGUiOjE4MDAwMDAwMDAwMDAsInJlYWQiOjMwMDAwMDAwMDAwMCwidXBkYXRlIjoxODAwMDAwMDAwMDAwfX0=",
          "dependencies": [
            "azurerm_public_ip.dbip",
            "azurerm_resource_group.appgrp",
            "azurerm_subnet.dbsubnet",
            "azurerm_virtual_network.appnetwork"
          ]
        }
      ]
    },
    {
      "mode": "managed",
      "type": "azurerm_network_security_group",
      "name": "dbnsg",
      "provider": "provider[\"registry.terraform.io/hashicorp/azurerm\"]",
      "instances": [
        {
          "schema_version": 0,
          "attributes": {
            "id": "/subscriptions/1ed2ad0b-f27c-450a-b603-d1a5da681ba2/resourceGroups/app-grp/providers/Microsoft.Network/networkSecurityGroups/db-nsg",
            "location": "northeurope",
            "name": "db-nsg",
            "resource_group_name": "app-grp",
            "security_rule": [
              {
                "access": "Allow",
                "description": "",
                "destination_address_prefix": "*",
                "destination_address_prefixes": [],
                "destination_application_security_group_ids": [],
                "destination_port_range": "1433",
                "destination_port_ranges": [],
                "direction": "Inbound",
                "name": "AllowSQL",
                "priority": 400,
                "protocol": "Tcp",
                "source_address_prefix": "*",
                "source_address_prefixes": [],
                "source_application_security_group_ids": [],
                "source_port_range": "*",
                "source_port_ranges": []
              },
              {
                "access": "Allow",
                "description": "",
                "destination_address_prefix": "*",
                "destination_address_prefixes": [],
                "destination_application_security_group_ids": [],
                "destination_port_range": "3389",
                "destination_port_ranges": [],
                "direction": "Inbound",
                "name": "AllowRDP",
                "priority": 300,
                "protocol": "Tcp",
                "source_address_prefix": "*",
                "source_address_prefixes": [],
                "source_application_security_group_ids": [],
                "source_port_range": "*",
                "source_port_ranges": []
              }
            ],
            "tags": null,
            "timeouts": null
          },
          "sensitive_attributes": [],
          "private": "eyJlMmJmYjczMC1lY2FhLTExZTYtOGY4OC0zNDM2M2JjN2M0YzAiOnsiY3JlYXRlIjoxODAwMDAwMDAwMDAwLCJkZWxldGUiOjE4MDAwMDAwMDAwMDAsInJlYWQiOjMwMDAwMDAwMDAwMCwidXBkYXRlIjoxODAwMDAwMDAwMDAwfX0=",
          "dependencies": [
            "azurerm_resource_group.appgrp",
            "azurerm_virtual_network.appnetwork"
          ]
        }
      ]
    },
    {
      "mode": "managed",
      "type": "azurerm_public_ip",
      "name": "dbip",
      "provider": "provider[\"registry.terraform.io/hashicorp/azurerm\"]",
      "instances": [
        {
          "schema_version": 0,
          "attributes": {
            "allocation_method": "Static",
            "ddos_protection_mode": "VirtualNetworkInherited",
            "ddos_protection_plan_id": null,
            "domain_name_label": null,
            "edge_zone": "",
            "fqdn": null,
            "id": "/subscriptions/1ed2ad0b-f27c-450a-b603-d1a5da681ba2/resourceGroups/app-grp/providers/Microsoft.Network/publicIPAddresses/db-ip",
            "idle_timeout_in_minutes": 4,
            "ip_address": "13.79.26.141",
            "ip_tags": null,
            "ip_version": "IPv4",
            "location": "northeurope",
            "name": "db-ip",
            "public_ip_prefix_id": null,
            "resource_group_name": "app-grp",
            "reverse_fqdn": null,
            "sku": "Basic",
            "sku_tier": "Regional",
            "tags": null,
            "timeouts": null,
            "zones": null
          },
          "sensitive_attributes": [],
          "private": "eyJlMmJmYjczMC1lY2FhLTExZTYtOGY4OC0zNDM2M2JjN2M0YzAiOnsiY3JlYXRlIjoxODAwMDAwMDAwMDAwLCJkZWxldGUiOjE4MDAwMDAwMDAwMDAsInJlYWQiOjMwMDAwMDAwMDAwMCwidXBkYXRlIjoxODAwMDAwMDAwMDAwfX0=",
          "dependencies": [
            "azurerm_resource_group.appgrp"
          ]
        }
      ]
    },
    {
      "mode": "managed",
      "type": "azurerm_resource_group",
      "name": "appgrp",
      "provider": "provider[\"registry.terraform.io/hashicorp/azurerm\"]",
      "instances": [
        {
          "schema_version": 0,
          "attributes": {
            "id": "/subscriptions/1ed2ad0b-f27c-450a-b603-d1a5da681ba2/resourceGroups/app-grp",
            "location": "northeurope",
            "managed_by": "",
            "name": "app-grp",
            "tags": null,
            "timeouts": null
          },
          "sensitive_attributes": [],
          "private": "eyJlMmJmYjczMC1lY2FhLTExZTYtOGY4OC0zNDM2M2JjN2M0YzAiOnsiY3JlYXRlIjo1NDAwMDAwMDAwMDAwLCJkZWxldGUiOjU0MDAwMDAwMDAwMDAsInJlYWQiOjMwMDAwMDAwMDAwMCwidXBkYXRlIjo1NDAwMDAwMDAwMDAwfX0="
        }
      ]
    },
    {
      "mode": "managed",
      "type": "azurerm_subnet",
      "name": "appsubnet",
      "provider": "provider[\"registry.terraform.io/hashicorp/azurerm\"]",
      "instances": [
        {
          "schema_version": 0,
          "attributes": {
            "address_prefixes": [
              "10.0.0.0/24"
            ],
            "delegation": [],
            "enforce_private_link_endpoint_network_policies": false,
            "enforce_private_link_service_network_policies": false,
            "id": "/subscriptions/1ed2ad0b-f27c-450a-b603-d1a5da681ba2/resourceGroups/app-grp/providers/Microsoft.Network/virtualNetworks/app-network/subnets/appsubnet",
            "name": "appsubnet",
            "private_endpoint_network_policies_enabled": true,
            "private_link_service_network_policies_enabled": true,
            "resource_group_name": "app-grp",
            "service_endpoint_policy_ids": null,
            "service_endpoints": null,
            "timeouts": null,
            "virtual_network_name": "app-network"
          },
          "sensitive_attributes": [],
          "private": "eyJlMmJmYjczMC1lY2FhLTExZTYtOGY4OC0zNDM2M2JjN2M0YzAiOnsiY3JlYXRlIjoxODAwMDAwMDAwMDAwLCJkZWxldGUiOjE4MDAwMDAwMDAwMDAsInJlYWQiOjMwMDAwMDAwMDAwMCwidXBkYXRlIjoxODAwMDAwMDAwMDAwfX0=",
          "dependencies": [
            "azurerm_resource_group.appgrp",
            "azurerm_virtual_network.appnetwork"
          ]
        }
      ]
    },
    {
      "mode": "managed",
      "type": "azurerm_subnet",
      "name": "dbsubnet",
      "provider": "provider[\"registry.terraform.io/hashicorp/azurerm\"]",
      "instances": [
        {
          "schema_version": 0,
          "attributes": {
            "address_prefixes": [
              "10.0.1.0/24"
            ],
            "delegation": [],
            "enforce_private_link_endpoint_network_policies": false,
            "enforce_private_link_service_network_policies": false,
            "id": "/subscriptions/1ed2ad0b-f27c-450a-b603-d1a5da681ba2/resourceGroups/app-grp/providers/Microsoft.Network/virtualNetworks/app-network/subnets/dbsubnet",
            "name": "dbsubnet",
            "private_endpoint_network_policies_enabled": true,
            "private_link_service_network_policies_enabled": true,
            "resource_group_name": "app-grp",
            "service_endpoint_policy_ids": null,
            "service_endpoints": null,
            "timeouts": null,
            "virtual_network_name": "app-network"
          },
          "sensitive_attributes": [],
          "private": "eyJlMmJmYjczMC1lY2FhLTExZTYtOGY4OC0zNDM2M2JjN2M0YzAiOnsiY3JlYXRlIjoxODAwMDAwMDAwMDAwLCJkZWxldGUiOjE4MDAwMDAwMDAwMDAsInJlYWQiOjMwMDAwMDAwMDAwMCwidXBkYXRlIjoxODAwMDAwMDAwMDAwfX0=",
          "dependencies": [
            "azurerm_resource_group.appgrp",
            "azurerm_virtual_network.appnetwork"
          ]
        }
      ]
    },
    {
      "mode": "managed",
      "type": "azurerm_subnet_network_security_group_association",
      "name": "dbnsg-link",
      "provider": "provider[\"registry.terraform.io/hashicorp/azurerm\"]",
      "instances": [
        {
          "schema_version": 0,
          "attributes": {
            "id": "/subscriptions/1ed2ad0b-f27c-450a-b603-d1a5da681ba2/resourceGroups/app-grp/providers/Microsoft.Network/virtualNetworks/app-network/subnets/dbsubnet",
            "network_security_group_id": "/subscriptions/1ed2ad0b-f27c-450a-b603-d1a5da681ba2/resourceGroups/app-grp/providers/Microsoft.Network/networkSecurityGroups/db-nsg",
            "subnet_id": "/subscriptions/1ed2ad0b-f27c-450a-b603-d1a5da681ba2/resourceGroups/app-grp/providers/Microsoft.Network/virtualNetworks/app-network/subnets/dbsubnet",
            "timeouts": null
          },
          "sensitive_attributes": [],
          "private": "eyJlMmJmYjczMC1lY2FhLTExZTYtOGY4OC0zNDM2M2JjN2M0YzAiOnsiY3JlYXRlIjoxODAwMDAwMDAwMDAwLCJkZWxldGUiOjE4MDAwMDAwMDAwMDAsInJlYWQiOjMwMDAwMDAwMDAwMCwidXBkYXRlIjoxODAwMDAwMDAwMDAwfX0=",
          "dependencies": [
            "azurerm_network_security_group.dbnsg",
            "azurerm_resource_group.appgrp",
            "azurerm_subnet.dbsubnet",
            "azurerm_virtual_network.appnetwork"
          ]
        }
      ]
    },
    {
      "mode": "managed",
      "type": "azurerm_virtual_network",
      "name": "appnetwork",
      "provider": "provider[\"registry.terraform.io/hashicorp/azurerm\"]",
      "instances": [
        {
          "schema_version": 0,
          "attributes": {
            "address_space": [
              "10.0.0.0/16"
            ],
            "bgp_community": "",
            "ddos_protection_plan": [],
            "dns_servers": [],
            "edge_zone": "",
            "encryption": [],
            "flow_timeout_in_minutes": 0,
            "guid": "781d6adf-f1d1-4017-bb4b-ae921ce84387",
            "id": "/subscriptions/1ed2ad0b-f27c-450a-b603-d1a5da681ba2/resourceGroups/app-grp/providers/Microsoft.Network/virtualNetworks/app-network",
            "location": "northeurope",
            "name": "app-network",
            "resource_group_name": "app-grp",
            "subnet": [],
            "tags": null,
            "timeouts": null
          },
          "sensitive_attributes": [],
          "private": "eyJlMmJmYjczMC1lY2FhLTExZTYtOGY4OC0zNDM2M2JjN2M0YzAiOnsiY3JlYXRlIjoxODAwMDAwMDAwMDAwLCJkZWxldGUiOjE4MDAwMDAwMDAwMDAsInJlYWQiOjMwMDAwMDAwMDAwMCwidXBkYXRlIjoxODAwMDAwMDAwMDAwfX0=",
          "dependencies": [
            "azurerm_resource_group.appgrp"
          ]
        }
      ]
    },
    {
      "mode": "managed",
      "type": "azurerm_windows_virtual_machine",
      "name": "dbvm",
      "provider": "provider[\"registry.terraform.io/hashicorp/azurerm\"]",
      "instances": [
        {
          "schema_version": 0,
          "attributes": {
            "additional_capabilities": [],
            "additional_unattend_content": [],
            "admin_password": "Azure@123",
            "admin_username": "dbuser",
            "allow_extension_operations": true,
            "availability_set_id": "",
            "boot_diagnostics": [],
            "bypass_platform_safety_checks_on_user_schedule_enabled": false,
            "capacity_reservation_group_id": "",
            "computer_name": "dbvm",
            "custom_data": null,
            "dedicated_host_group_id": "",
            "dedicated_host_id": "",
            "edge_zone": "",
            "enable_automatic_updates": true,
            "encryption_at_host_enabled": false,
            "eviction_policy": "",
            "extensions_time_budget": "PT1H30M",
            "gallery_application": [],
            "hotpatching_enabled": false,
            "id": "/subscriptions/1ed2ad0b-f27c-450a-b603-d1a5da681ba2/resourceGroups/app-grp/providers/Microsoft.Compute/virtualMachines/dbvm",
            "identity": [],
            "license_type": "",
            "location": "northeurope",
            "max_bid_price": -1,
            "name": "dbvm",
            "network_interface_ids": [
              "/subscriptions/1ed2ad0b-f27c-450a-b603-d1a5da681ba2/resourceGroups/app-grp/providers/Microsoft.Network/networkInterfaces/dbinterface"
            ],
            "os_disk": [
              {
                "caching": "ReadWrite",
                "diff_disk_settings": [],
                "disk_encryption_set_id": "",
                "disk_size_gb": 127,
                "name": "dbvm_disk1_935dea31d1e843e485fd7e59ea2e4e82",
                "secure_vm_disk_encryption_set_id": "",
                "security_encryption_type": "",
                "storage_account_type": "Standard_LRS",
                "write_accelerator_enabled": false
              }
            ],
            "patch_assessment_mode": "ImageDefault",
            "patch_mode": "AutomaticByOS",
            "plan": [],
            "platform_fault_domain": -1,
            "priority": "Regular",
            "private_ip_address": "10.0.1.4",
            "private_ip_addresses": [
              "10.0.1.4"
            ],
            "provision_vm_agent": true,
            "proximity_placement_group_id": "",
            "public_ip_address": "13.79.26.141",
            "public_ip_addresses": [
              "13.79.26.141"
            ],
            "reboot_setting": "",
            "resource_group_name": "app-grp",
            "secret": [],
            "secure_boot_enabled": false,
            "size": "Standard_D2s_v3",
            "source_image_id": "",
            "source_image_reference": [
              {
                "offer": "sql2019-ws2019",
                "publisher": "MicrosoftSQLServer",
                "sku": "sqldev",
                "version": "15.0.220510"
              }
            ],
            "tags": null,
            "termination_notification": null,
            "timeouts": null,
            "timezone": "",
            "user_data": "",
            "virtual_machine_id": "2bbb36c7-33b7-4dc9-bf8a-fa2208a2cea4",
            "virtual_machine_scale_set_id": "",
            "vtpm_enabled": false,
            "winrm_listener": [],
            "zone": ""
          },
          "sensitive_attributes": [],
          "private": "eyJlMmJmYjczMC1lY2FhLTExZTYtOGY4OC0zNDM2M2JjN2M0YzAiOnsiY3JlYXRlIjoyNzAwMDAwMDAwMDAwLCJkZWxldGUiOjI3MDAwMDAwMDAwMDAsInJlYWQiOjMwMDAwMDAwMDAwMCwidXBkYXRlIjoyNzAwMDAwMDAwMDAwfX0=",
          "dependencies": [
            "azurerm_network_interface.dbinterface",
            "azurerm_public_ip.dbip",
            "azurerm_resource_group.appgrp",
            "azurerm_subnet.dbsubnet",
            "azurerm_virtual_network.appnetwork"
          ]
        }
      ]
    }
  ],
  "check_results": null
}
