{
  "version": 4,
  "terraform_version": "1.5.7",
  "serial": 30,
  "lineage": "2184022e-946a-2570-e6a7-e669a9008bdc",
  "outputs": {},
  "resources": [
    {
      "mode": "data",
      "type": "azurerm_shared_image",
      "name": "webimage",
      "provider": "provider[\"registry.terraform.io/hashicorp/azurerm\"]",
      "instances": []
    },
    {
      "mode": "managed",
      "type": "azurerm_mssql_virtual_machine",
      "name": "mssqlmachine",
      "provider": "provider[\"registry.terraform.io/hashicorp/azurerm\"]",
      "instances": [
        {
          "schema_version": 0,
          "attributes": {
            "assessment": [],
            "auto_backup": [],
            "auto_patching": [],
            "id": "/subscriptions/1ed2ad0b-f27c-450a-b603-d1a5da681ba2/resourceGroups/staging-grp/providers/Microsoft.SqlVirtualMachine/sqlVirtualMachines/dbvm",
            "key_vault_credential": [],
            "r_services_enabled": false,
            "sql_connectivity_port": 1433,
            "sql_connectivity_type": "PRIVATE",
            "sql_connectivity_update_password": "Azure@1234",
            "sql_connectivity_update_username": "sqladmin",
            "sql_instance": [],
            "sql_license_type": "PAYG",
            "sql_virtual_machine_group_id": "",
            "storage_configuration": [],
            "tags": null,
            "timeouts": null,
            "virtual_machine_id": "/subscriptions/1ed2ad0b-f27c-450a-b603-d1a5da681ba2/resourceGroups/staging-grp/providers/Microsoft.Compute/virtualMachines/dbvm",
            "wsfc_domain_credential": []
          },
          "sensitive_attributes": [],
          "private": "eyJlMmJmYjczMC1lY2FhLTExZTYtOGY4OC0zNDM2M2JjN2M0YzAiOnsiY3JlYXRlIjozNjAwMDAwMDAwMDAwLCJkZWxldGUiOjM2MDAwMDAwMDAwMDAsInJlYWQiOjMwMDAwMDAwMDAwMCwidXBkYXRlIjozNjAwMDAwMDAwMDAwfX0=",
          "dependencies": [
            "module.compute_module.azurerm_network_interface.interface",
            "module.compute_module.azurerm_public_ip.ip",
            "module.compute_module.azurerm_windows_virtual_machine.vm",
            "module.networking_module.azurerm_bastion_host.appbastion",
            "module.networking_module.azurerm_network_security_group.nsg",
            "module.networking_module.azurerm_network_security_rule.nsgrules",
            "module.networking_module.azurerm_public_ip.bastionip",
            "module.networking_module.azurerm_subnet.bastionsubnet",
            "module.networking_module.azurerm_subnet.subnets",
            "module.networking_module.azurerm_subnet_network_security_group_association.nsg-link",
            "module.networking_module.azurerm_virtual_network.network",
            "module.networking_module.module.general_module.azurerm_resource_group.resourcegrp"
          ]
        }
      ]
    },
    {
      "mode": "managed",
      "type": "azurerm_network_interface",
      "name": "webinterface",
      "provider": "provider[\"registry.terraform.io/hashicorp/azurerm\"]",
      "instances": []
    },
    {
      "mode": "managed",
      "type": "azurerm_virtual_machine",
      "name": "webvm",
      "provider": "provider[\"registry.terraform.io/hashicorp/azurerm\"]",
      "instances": []
    },
    {
      "module": "module.app_storage_module",
      "mode": "managed",
      "type": "azurerm_storage_account",
      "name": "storageaccount",
      "provider": "provider[\"registry.terraform.io/hashicorp/azurerm\"]",
      "instances": []
    },
    {
      "module": "module.app_storage_module",
      "mode": "managed",
      "type": "azurerm_storage_blob",
      "name": "blob_binary",
      "provider": "provider[\"registry.terraform.io/hashicorp/azurerm\"]",
      "instances": [
        {
          "index_key": "Laptop.jpg",
          "schema_version": 1,
          "attributes": {
            "access_tier": "Hot",
            "cache_control": "",
            "content_md5": "",
            "content_type": "application/octet-stream",
            "id": "https://appstore4656656.blob.core.windows.net/images/Laptop.jpg",
            "metadata": {},
            "name": "Laptop.jpg",
            "parallelism": 8,
            "size": 0,
            "source": "./images/Laptop.jpg",
            "source_content": null,
            "source_uri": null,
            "storage_account_name": "appstore4656656",
            "storage_container_name": "images",
            "timeouts": null,
            "type": "Block",
            "url": "https://appstore4656656.blob.core.windows.net/images/Laptop.jpg"
          },
          "sensitive_attributes": [],
          "private": "eyJlMmJmYjczMC1lY2FhLTExZTYtOGY4OC0zNDM2M2JjN2M0YzAiOnsiY3JlYXRlIjoxODAwMDAwMDAwMDAwLCJkZWxldGUiOjE4MDAwMDAwMDAwMDAsInJlYWQiOjMwMDAwMDAwMDAwMCwidXBkYXRlIjoxODAwMDAwMDAwMDAwfSwic2NoZW1hX3ZlcnNpb24iOiIxIn0=",
          "dependencies": [
            "module.app_storage_module.azurerm_storage_account.storageaccount",
            "module.app_storage_module.azurerm_storage_container.container",
            "module.general_module.azurerm_resource_group.resourcegrp",
            "module.storage_module.azurerm_storage_account.storageaccount",
            "module.storage_module.azurerm_storage_blob.blob",
            "module.storage_module.azurerm_storage_blob.blob_binary",
            "module.storage_module.azurerm_storage_container.container"
          ]
        },
        {
          "index_key": "Mobile.jpg",
          "schema_version": 1,
          "attributes": {
            "access_tier": "Hot",
            "cache_control": "",
            "content_md5": "",
            "content_type": "application/octet-stream",
            "id": "https://appstore4656656.blob.core.windows.net/images/Mobile.jpg",
            "metadata": {},
            "name": "Mobile.jpg",
            "parallelism": 8,
            "size": 0,
            "source": "./images/Mobile.jpg",
            "source_content": null,
            "source_uri": null,
            "storage_account_name": "appstore4656656",
            "storage_container_name": "images",
            "timeouts": null,
            "type": "Block",
            "url": "https://appstore4656656.blob.core.windows.net/images/Mobile.jpg"
          },
          "sensitive_attributes": [],
          "private": "eyJlMmJmYjczMC1lY2FhLTExZTYtOGY4OC0zNDM2M2JjN2M0YzAiOnsiY3JlYXRlIjoxODAwMDAwMDAwMDAwLCJkZWxldGUiOjE4MDAwMDAwMDAwMDAsInJlYWQiOjMwMDAwMDAwMDAwMCwidXBkYXRlIjoxODAwMDAwMDAwMDAwfSwic2NoZW1hX3ZlcnNpb24iOiIxIn0=",
          "dependencies": [
            "module.app_storage_module.azurerm_storage_account.storageaccount",
            "module.app_storage_module.azurerm_storage_container.container",
            "module.general_module.azurerm_resource_group.resourcegrp",
            "module.storage_module.azurerm_storage_account.storageaccount",
            "module.storage_module.azurerm_storage_blob.blob",
            "module.storage_module.azurerm_storage_blob.blob_binary",
            "module.storage_module.azurerm_storage_container.container"
          ]
        },
        {
          "index_key": "Tab.jpg",
          "schema_version": 1,
          "attributes": {
            "access_tier": "Hot",
            "cache_control": "",
            "content_md5": "",
            "content_type": "application/octet-stream",
            "id": "https://appstore4656656.blob.core.windows.net/images/Tab.jpg",
            "metadata": {},
            "name": "Tab.jpg",
            "parallelism": 8,
            "size": 0,
            "source": "./images/Tab.jpg",
            "source_content": null,
            "source_uri": null,
            "storage_account_name": "appstore4656656",
            "storage_container_name": "images",
            "timeouts": null,
            "type": "Block",
            "url": "https://appstore4656656.blob.core.windows.net/images/Tab.jpg"
          },
          "sensitive_attributes": [],
          "private": "eyJlMmJmYjczMC1lY2FhLTExZTYtOGY4OC0zNDM2M2JjN2M0YzAiOnsiY3JlYXRlIjoxODAwMDAwMDAwMDAwLCJkZWxldGUiOjE4MDAwMDAwMDAwMDAsInJlYWQiOjMwMDAwMDAwMDAwMCwidXBkYXRlIjoxODAwMDAwMDAwMDAwfSwic2NoZW1hX3ZlcnNpb24iOiIxIn0=",
          "dependencies": [
            "module.app_storage_module.azurerm_storage_account.storageaccount",
            "module.app_storage_module.azurerm_storage_container.container",
            "module.general_module.azurerm_resource_group.resourcegrp",
            "module.storage_module.azurerm_storage_account.storageaccount",
            "module.storage_module.azurerm_storage_blob.blob",
            "module.storage_module.azurerm_storage_blob.blob_binary",
            "module.storage_module.azurerm_storage_container.container"
          ]
        }
      ]
    },
    {
      "module": "module.app_storage_module",
      "mode": "managed",
      "type": "azurerm_storage_container",
      "name": "container",
      "provider": "provider[\"registry.terraform.io/hashicorp/azurerm\"]",
      "instances": [
        {
          "schema_version": 1,
          "attributes": {
            "container_access_type": "blob",
            "has_immutability_policy": false,
            "has_legal_hold": false,
            "id": "https://appstore4656656.blob.core.windows.net/images",
            "metadata": {},
            "name": "images",
            "resource_manager_id": "/subscriptions/1ed2ad0b-f27c-450a-b603-d1a5da681ba2/resourceGroups/staging-grp/providers/Microsoft.Storage/storageAccounts/appstore4656656/blobServices/default/containers/images",
            "storage_account_name": "appstore4656656",
            "timeouts": null
          },
          "sensitive_attributes": [],
          "private": "eyJlMmJmYjczMC1lY2FhLTExZTYtOGY4OC0zNDM2M2JjN2M0YzAiOnsiY3JlYXRlIjoxODAwMDAwMDAwMDAwLCJkZWxldGUiOjE4MDAwMDAwMDAwMDAsInJlYWQiOjMwMDAwMDAwMDAwMCwidXBkYXRlIjoxODAwMDAwMDAwMDAwfSwic2NoZW1hX3ZlcnNpb24iOiIxIn0=",
          "dependencies": [
            "module.app_storage_module.azurerm_storage_account.storageaccount",
            "module.general_module.azurerm_resource_group.resourcegrp",
            "module.storage_module.azurerm_storage_account.storageaccount",
            "module.storage_module.azurerm_storage_blob.blob",
            "module.storage_module.azurerm_storage_blob.blob_binary",
            "module.storage_module.azurerm_storage_container.container"
          ]
        }
      ]
    },
    {
      "module": "module.compute_module",
      "mode": "managed",
      "type": "azurerm_network_interface",
      "name": "interface",
      "provider": "provider[\"registry.terraform.io/hashicorp/azurerm\"]",
      "instances": [
        {
          "schema_version": 0,
          "attributes": {
            "applied_dns_servers": [],
            "dns_servers": [],
            "edge_zone": "",
            "enable_accelerated_networking": false,
            "enable_ip_forwarding": false,
            "id": "/subscriptions/1ed2ad0b-f27c-450a-b603-d1a5da681ba2/resourceGroups/staging-grp/providers/Microsoft.Network/networkInterfaces/db-interface",
            "internal_dns_name_label": "",
            "internal_domain_name_suffix": "zl0zwm1ouv2e3deltzz5ybmoxc.fx.internal.cloudapp.net",
            "ip_configuration": [
              {
                "gateway_load_balancer_frontend_ip_configuration_id": "",
                "name": "internal",
                "primary": true,
                "private_ip_address": "10.0.0.4",
                "private_ip_address_allocation": "Dynamic",
                "private_ip_address_version": "IPv4",
                "public_ip_address_id": "",
                "subnet_id": "/subscriptions/1ed2ad0b-f27c-450a-b603-d1a5da681ba2/resourceGroups/staging-grp/providers/Microsoft.Network/virtualNetworks/staging-network/subnets/db-subnet"
              }
            ],
            "location": "northeurope",
            "mac_address": "",
            "name": "db-interface",
            "private_ip_address": "10.0.0.4",
            "private_ip_addresses": [
              "10.0.0.4"
            ],
            "resource_group_name": "staging-grp",
            "tags": null,
            "timeouts": null,
            "virtual_machine_id": ""
          },
          "sensitive_attributes": [],
          "private": "eyJlMmJmYjczMC1lY2FhLTExZTYtOGY4OC0zNDM2M2JjN2M0YzAiOnsiY3JlYXRlIjoxODAwMDAwMDAwMDAwLCJkZWxldGUiOjE4MDAwMDAwMDAwMDAsInJlYWQiOjMwMDAwMDAwMDAwMCwidXBkYXRlIjoxODAwMDAwMDAwMDAwfX0=",
          "dependencies": [
            "module.compute_module.azurerm_public_ip.ip",
            "module.networking_module.azurerm_bastion_host.appbastion",
            "module.networking_module.azurerm_network_security_group.nsg",
            "module.networking_module.azurerm_network_security_rule.nsgrules",
            "module.networking_module.azurerm_public_ip.bastionip",
            "module.networking_module.azurerm_subnet.bastionsubnet",
            "module.networking_module.azurerm_subnet.subnets",
            "module.networking_module.azurerm_subnet_network_security_group_association.nsg-link",
            "module.networking_module.azurerm_virtual_network.network",
            "module.networking_module.module.general_module.azurerm_resource_group.resourcegrp"
          ]
        }
      ]
    },
    {
      "module": "module.compute_module",
      "mode": "managed",
      "type": "azurerm_public_ip",
      "name": "ip",
      "provider": "provider[\"registry.terraform.io/hashicorp/azurerm\"]",
      "instances": []
    },
    {
      "module": "module.compute_module",
      "mode": "managed",
      "type": "azurerm_windows_virtual_machine",
      "name": "vm",
      "provider": "provider[\"registry.terraform.io/hashicorp/azurerm\"]",
      "instances": [
        {
          "schema_version": 0,
          "attributes": {
            "additional_capabilities": [],
            "additional_unattend_content": [],
            "admin_password": "Azure@123",
            "admin_username": "dbusr",
            "allow_extension_operations": true,
            "availability_set_id": "",
            "boot_diagnostics": [],
            "bypass_platform_safety_checks_on_user_schedule_enabled": false,
            "capacity_reservation_group_id": "",
            "computer_name": "dbvm",
            "custom_data": null,
            "dedicated_host_group_id": "",
            "dedicated_host_id": "",
            "edge_zone": "",
            "enable_automatic_updates": true,
            "encryption_at_host_enabled": false,
            "eviction_policy": "",
            "extensions_time_budget": "PT1H30M",
            "gallery_application": [],
            "hotpatching_enabled": false,
            "id": "/subscriptions/1ed2ad0b-f27c-450a-b603-d1a5da681ba2/resourceGroups/staging-grp/providers/Microsoft.Compute/virtualMachines/dbvm",
            "identity": [],
            "license_type": "",
            "location": "northeurope",
            "max_bid_price": -1,
            "name": "dbvm",
            "network_interface_ids": [
              "/subscriptions/1ed2ad0b-f27c-450a-b603-d1a5da681ba2/resourceGroups/staging-grp/providers/Microsoft.Network/networkInterfaces/db-interface"
            ],
            "os_disk": [
              {
                "caching": "ReadWrite",
                "diff_disk_settings": [],
                "disk_encryption_set_id": "",
                "disk_size_gb": 127,
                "name": "dbvm_OsDisk_1_f577852cd9a34d2b85b851ee9dde05e0",
                "secure_vm_disk_encryption_set_id": "",
                "security_encryption_type": "",
                "storage_account_type": "Standard_LRS",
                "write_accelerator_enabled": false
              }
            ],
            "patch_assessment_mode": "ImageDefault",
            "patch_mode": "AutomaticByOS",
            "plan": [],
            "platform_fault_domain": -1,
            "priority": "Regular",
            "private_ip_address": "10.0.0.4",
            "private_ip_addresses": [
              "10.0.0.4"
            ],
            "provision_vm_agent": true,
            "proximity_placement_group_id": "",
            "public_ip_address": "",
            "public_ip_addresses": [],
            "reboot_setting": "",
            "resource_group_name": "staging-grp",
            "secret": [],
            "secure_boot_enabled": false,
            "size": "Standard_D2s_v3",
            "source_image_id": "",
            "source_image_reference": [
              {
                "offer": "sql2019-ws2019",
                "publisher": "MicrosoftSQLServer",
                "sku": "sqldev",
                "version": "15.0.220510"
              }
            ],
            "tags": null,
            "termination_notification": null,
            "timeouts": null,
            "timezone": "",
            "user_data": "",
            "virtual_machine_id": "c4594d16-5931-454d-9091-186f1d449139",
            "virtual_machine_scale_set_id": "",
            "vtpm_enabled": false,
            "winrm_listener": [],
            "zone": ""
          },
          "sensitive_attributes": [],
          "private": "eyJlMmJmYjczMC1lY2FhLTExZTYtOGY4OC0zNDM2M2JjN2M0YzAiOnsiY3JlYXRlIjoyNzAwMDAwMDAwMDAwLCJkZWxldGUiOjI3MDAwMDAwMDAwMDAsInJlYWQiOjMwMDAwMDAwMDAwMCwidXBkYXRlIjoyNzAwMDAwMDAwMDAwfX0=",
          "dependencies": [
            "module.compute_module.azurerm_network_interface.interface",
            "module.compute_module.azurerm_public_ip.ip",
            "module.networking_module.azurerm_bastion_host.appbastion",
            "module.networking_module.azurerm_network_security_group.nsg",
            "module.networking_module.azurerm_network_security_rule.nsgrules",
            "module.networking_module.azurerm_public_ip.bastionip",
            "module.networking_module.azurerm_subnet.bastionsubnet",
            "module.networking_module.azurerm_subnet.subnets",
            "module.networking_module.azurerm_subnet_network_security_group_association.nsg-link",
            "module.networking_module.azurerm_virtual_network.network",
            "module.networking_module.module.general_module.azurerm_resource_group.resourcegrp"
          ]
        }
      ]
    },
    {
      "module": "module.custom_script",
      "mode": "managed",
      "type": "azurerm_virtual_machine_extension",
      "name": "vmextension",
      "provider": "provider[\"registry.terraform.io/hashicorp/azurerm\"]",
      "instances": [
        {
          "schema_version": 0,
          "attributes": {
            "auto_upgrade_minor_version": false,
            "automatic_upgrade_enabled": false,
            "failure_suppression_enabled": false,
            "id": "/subscriptions/1ed2ad0b-f27c-450a-b603-d1a5da681ba2/resourceGroups/staging-grp/providers/Microsoft.Compute/virtualMachines/dbvm/extensions/dbvm-extension",
            "name": "dbvm-extension",
            "protected_settings": null,
            "protected_settings_from_key_vault": [],
            "provision_after_extensions": null,
            "publisher": "Microsoft.Compute",
            "settings": "{\"commandToExecute\":\"powershell -ExecutionPolicy Unrestricted -file Script.ps1\",\"fileUris\":[\"https://appstore4656656.blob.core.windows.net/scripts/Script.ps1\"]}",
            "tags": null,
            "timeouts": null,
            "type": "CustomScriptExtension",
            "type_handler_version": "1.10",
            "virtual_machine_id": "/subscriptions/1ed2ad0b-f27c-450a-b603-d1a5da681ba2/resourceGroups/staging-grp/providers/Microsoft.Compute/virtualMachines/dbvm"
          },
          "sensitive_attributes": [],
          "private": "eyJlMmJmYjczMC1lY2FhLTExZTYtOGY4OC0zNDM2M2JjN2M0YzAiOnsiY3JlYXRlIjoxODAwMDAwMDAwMDAwLCJkZWxldGUiOjE4MDAwMDAwMDAwMDAsInJlYWQiOjMwMDAwMDAwMDAwMCwidXBkYXRlIjoxODAwMDAwMDAwMDAwfX0=",
          "dependencies": [
            "azurerm_mssql_virtual_machine.mssqlmachine",
            "module.compute_module.azurerm_network_interface.interface",
            "module.compute_module.azurerm_public_ip.ip",
            "module.compute_module.azurerm_windows_virtual_machine.vm",
            "module.general_module.azurerm_resource_group.resourcegrp",
            "module.networking_module.azurerm_bastion_host.appbastion",
            "module.networking_module.azurerm_network_security_group.nsg",
            "module.networking_module.azurerm_network_security_rule.nsgrules",
            "module.networking_module.azurerm_public_ip.bastionip",
            "module.networking_module.azurerm_subnet.bastionsubnet",
            "module.networking_module.azurerm_subnet.subnets",
            "module.networking_module.azurerm_subnet_network_security_group_association.nsg-link",
            "module.networking_module.azurerm_virtual_network.network",
            "module.networking_module.module.general_module.azurerm_resource_group.resourcegrp",
            "module.storage_module.azurerm_storage_account.storageaccount",
            "module.storage_module.azurerm_storage_blob.blob",
            "module.storage_module.azurerm_storage_blob.blob_binary",
            "module.storage_module.azurerm_storage_container.container"
          ]
        }
      ]
    },
    {
      "module": "module.general_module",
      "mode": "managed",
      "type": "azurerm_resource_group",
      "name": "resourcegrp",
      "provider": "provider[\"registry.terraform.io/hashicorp/azurerm\"]",
      "instances": [
        {
          "schema_version": 0,
          "attributes": {
            "id": "/subscriptions/1ed2ad0b-f27c-450a-b603-d1a5da681ba2/resourceGroups/staging-grp",
            "location": "northeurope",
            "managed_by": "",
            "name": "staging-grp",
            "tags": null,
            "timeouts": null
          },
          "sensitive_attributes": [],
          "private": "eyJlMmJmYjczMC1lY2FhLTExZTYtOGY4OC0zNDM2M2JjN2M0YzAiOnsiY3JlYXRlIjo1NDAwMDAwMDAwMDAwLCJkZWxldGUiOjU0MDAwMDAwMDAwMDAsInJlYWQiOjMwMDAwMDAwMDAwMCwidXBkYXRlIjo1NDAwMDAwMDAwMDAwfX0="
        }
      ]
    },
    {
      "module": "module.networking_module",
      "mode": "managed",
      "type": "azurerm_bastion_host",
      "name": "appbastion",
      "provider": "provider[\"registry.terraform.io/hashicorp/azurerm\"]",
      "instances": [
        {
          "index_key": 0,
          "schema_version": 0,
          "attributes": {
            "copy_paste_enabled": true,
            "dns_name": "bst-3ea5a3a5-29ca-46d1-934e-e6d37e55e96f.bastion.azure.com",
            "file_copy_enabled": false,
            "id": "/subscriptions/1ed2ad0b-f27c-450a-b603-d1a5da681ba2/resourceGroups/staging-grp/providers/Microsoft.Network/bastionHosts/appbastion",
            "ip_configuration": [
              {
                "name": "configuration",
                "public_ip_address_id": "/subscriptions/1ed2ad0b-f27c-450a-b603-d1a5da681ba2/resourceGroups/staging-grp/providers/Microsoft.Network/publicIPAddresses/bastion-ip",
                "subnet_id": "/subscriptions/1ed2ad0b-f27c-450a-b603-d1a5da681ba2/resourceGroups/staging-grp/providers/Microsoft.Network/virtualNetworks/staging-network/subnets/AzureBastionSubnet"
              }
            ],
            "ip_connect_enabled": false,
            "location": "northeurope",
            "name": "appbastion",
            "resource_group_name": "staging-grp",
            "scale_units": 2,
            "shareable_link_enabled": false,
            "sku": "Basic",
            "tags": null,
            "timeouts": null,
            "tunneling_enabled": false
          },
          "sensitive_attributes": [],
          "private": "eyJlMmJmYjczMC1lY2FhLTExZTYtOGY4OC0zNDM2M2JjN2M0YzAiOnsiY3JlYXRlIjoxODAwMDAwMDAwMDAwLCJkZWxldGUiOjE4MDAwMDAwMDAwMDAsInJlYWQiOjMwMDAwMDAwMDAwMCwidXBkYXRlIjoxODAwMDAwMDAwMDAwfX0=",
          "dependencies": [
            "module.networking_module.azurerm_public_ip.bastionip",
            "module.networking_module.azurerm_subnet.bastionsubnet",
            "module.networking_module.azurerm_virtual_network.network",
            "module.networking_module.module.general_module.azurerm_resource_group.resourcegrp"
          ]
        }
      ]
    },
    {
      "module": "module.networking_module",
      "mode": "managed",
      "type": "azurerm_network_security_group",
      "name": "nsg",
      "provider": "provider[\"registry.terraform.io/hashicorp/azurerm\"]",
      "instances": [
        {
          "index_key": "db-nsg",
          "schema_version": 0,
          "attributes": {
            "id": "/subscriptions/1ed2ad0b-f27c-450a-b603-d1a5da681ba2/resourceGroups/staging-grp/providers/Microsoft.Network/networkSecurityGroups/db-nsg",
            "location": "northeurope",
            "name": "db-nsg",
            "resource_group_name": "staging-grp",
            "security_rule": [],
            "tags": null,
            "timeouts": null
          },
          "sensitive_attributes": [],
          "private": "eyJlMmJmYjczMC1lY2FhLTExZTYtOGY4OC0zNDM2M2JjN2M0YzAiOnsiY3JlYXRlIjoxODAwMDAwMDAwMDAwLCJkZWxldGUiOjE4MDAwMDAwMDAwMDAsInJlYWQiOjMwMDAwMDAwMDAwMCwidXBkYXRlIjoxODAwMDAwMDAwMDAwfX0=",
          "dependencies": [
            "module.networking_module.azurerm_virtual_network.network",
            "module.networking_module.module.general_module.azurerm_resource_group.resourcegrp"
          ]
        },
        {
          "index_key": "web-nsg",
          "schema_version": 0,
          "attributes": {
            "id": "/subscriptions/1ed2ad0b-f27c-450a-b603-d1a5da681ba2/resourceGroups/staging-grp/providers/Microsoft.Network/networkSecurityGroups/web-nsg",
            "location": "northeurope",
            "name": "web-nsg",
            "resource_group_name": "staging-grp",
            "security_rule": [],
            "tags": null,
            "timeouts": null
          },
          "sensitive_attributes": [],
          "private": "eyJlMmJmYjczMC1lY2FhLTExZTYtOGY4OC0zNDM2M2JjN2M0YzAiOnsiY3JlYXRlIjoxODAwMDAwMDAwMDAwLCJkZWxldGUiOjE4MDAwMDAwMDAwMDAsInJlYWQiOjMwMDAwMDAwMDAwMCwidXBkYXRlIjoxODAwMDAwMDAwMDAwfX0=",
          "dependencies": [
            "module.networking_module.azurerm_virtual_network.network",
            "module.networking_module.module.general_module.azurerm_resource_group.resourcegrp"
          ]
        }
      ]
    },
    {
      "module": "module.networking_module",
      "mode": "managed",
      "type": "azurerm_network_security_rule",
      "name": "nsgrules",
      "provider": "provider[\"registry.terraform.io/hashicorp/azurerm\"]",
      "instances": [
        {
          "index_key": "1",
          "schema_version": 0,
          "attributes": {
            "access": "Allow",
            "description": "",
            "destination_address_prefix": "*",
            "destination_address_prefixes": null,
            "destination_application_security_group_ids": null,
            "destination_port_range": "3389",
            "destination_port_ranges": null,
            "direction": "Inbound",
            "id": "/subscriptions/1ed2ad0b-f27c-450a-b603-d1a5da681ba2/resourceGroups/staging-grp/providers/Microsoft.Network/networkSecurityGroups/web-nsg/securityRules/Allow-3389",
            "name": "Allow-3389",
            "network_security_group_name": "web-nsg",
            "priority": 200,
            "protocol": "Tcp",
            "resource_group_name": "staging-grp",
            "source_address_prefix": "*",
            "source_address_prefixes": null,
            "source_application_security_group_ids": null,
            "source_port_range": "*",
            "source_port_ranges": null,
            "timeouts": null
          },
          "sensitive_attributes": [],
          "private": "eyJlMmJmYjczMC1lY2FhLTExZTYtOGY4OC0zNDM2M2JjN2M0YzAiOnsiY3JlYXRlIjoxODAwMDAwMDAwMDAwLCJkZWxldGUiOjE4MDAwMDAwMDAwMDAsInJlYWQiOjMwMDAwMDAwMDAwMCwidXBkYXRlIjoxODAwMDAwMDAwMDAwfX0=",
          "dependencies": [
            "module.networking_module.azurerm_network_security_group.nsg",
            "module.networking_module.azurerm_virtual_network.network",
            "module.networking_module.module.general_module.azurerm_resource_group.resourcegrp"
          ]
        },
        {
          "index_key": "2",
          "schema_version": 0,
          "attributes": {
            "access": "Allow",
            "description": "",
            "destination_address_prefix": "*",
            "destination_address_prefixes": null,
            "destination_application_security_group_ids": null,
            "destination_port_range": "80",
            "destination_port_ranges": null,
            "direction": "Inbound",
            "id": "/subscriptions/1ed2ad0b-f27c-450a-b603-d1a5da681ba2/resourceGroups/staging-grp/providers/Microsoft.Network/networkSecurityGroups/web-nsg/securityRules/Allow-80",
            "name": "Allow-80",
            "network_security_group_name": "web-nsg",
            "priority": 300,
            "protocol": "Tcp",
            "resource_group_name": "staging-grp",
            "source_address_prefix": "*",
            "source_address_prefixes": null,
            "source_application_security_group_ids": null,
            "source_port_range": "*",
            "source_port_ranges": null,
            "timeouts": null
          },
          "sensitive_attributes": [],
          "private": "eyJlMmJmYjczMC1lY2FhLTExZTYtOGY4OC0zNDM2M2JjN2M0YzAiOnsiY3JlYXRlIjoxODAwMDAwMDAwMDAwLCJkZWxldGUiOjE4MDAwMDAwMDAwMDAsInJlYWQiOjMwMDAwMDAwMDAwMCwidXBkYXRlIjoxODAwMDAwMDAwMDAwfX0=",
          "dependencies": [
            "module.networking_module.azurerm_network_security_group.nsg",
            "module.networking_module.azurerm_virtual_network.network",
            "module.networking_module.module.general_module.azurerm_resource_group.resourcegrp"
          ]
        },
        {
          "index_key": "3",
          "schema_version": 0,
          "attributes": {
            "access": "Allow",
            "description": "",
            "destination_address_prefix": "*",
            "destination_address_prefixes": null,
            "destination_application_security_group_ids": null,
            "destination_port_range": "8172",
            "destination_port_ranges": null,
            "direction": "Inbound",
            "id": "/subscriptions/1ed2ad0b-f27c-450a-b603-d1a5da681ba2/resourceGroups/staging-grp/providers/Microsoft.Network/networkSecurityGroups/web-nsg/securityRules/Allow-8172",
            "name": "Allow-8172",
            "network_security_group_name": "web-nsg",
            "priority": 400,
            "protocol": "Tcp",
            "resource_group_name": "staging-grp",
            "source_address_prefix": "*",
            "source_address_prefixes": null,
            "source_application_security_group_ids": null,
            "source_port_range": "*",
            "source_port_ranges": null,
            "timeouts": null
          },
          "sensitive_attributes": [],
          "private": "eyJlMmJmYjczMC1lY2FhLTExZTYtOGY4OC0zNDM2M2JjN2M0YzAiOnsiY3JlYXRlIjoxODAwMDAwMDAwMDAwLCJkZWxldGUiOjE4MDAwMDAwMDAwMDAsInJlYWQiOjMwMDAwMDAwMDAwMCwidXBkYXRlIjoxODAwMDAwMDAwMDAwfX0=",
          "dependencies": [
            "module.networking_module.azurerm_network_security_group.nsg",
            "module.networking_module.azurerm_virtual_network.network",
            "module.networking_module.module.general_module.azurerm_resource_group.resourcegrp"
          ]
        },
        {
          "index_key": "4",
          "schema_version": 0,
          "attributes": {
            "access": "Allow",
            "description": "",
            "destination_address_prefix": "*",
            "destination_address_prefixes": null,
            "destination_application_security_group_ids": null,
            "destination_port_range": "3389",
            "destination_port_ranges": null,
            "direction": "Inbound",
            "id": "/subscriptions/1ed2ad0b-f27c-450a-b603-d1a5da681ba2/resourceGroups/staging-grp/providers/Microsoft.Network/networkSecurityGroups/db-nsg/securityRules/Allow-3389",
            "name": "Allow-3389",
            "network_security_group_name": "db-nsg",
            "priority": 200,
            "protocol": "Tcp",
            "resource_group_name": "staging-grp",
            "source_address_prefix": "*",
            "source_address_prefixes": null,
            "source_application_security_group_ids": null,
            "source_port_range": "*",
            "source_port_ranges": null,
            "timeouts": null
          },
          "sensitive_attributes": [],
          "private": "eyJlMmJmYjczMC1lY2FhLTExZTYtOGY4OC0zNDM2M2JjN2M0YzAiOnsiY3JlYXRlIjoxODAwMDAwMDAwMDAwLCJkZWxldGUiOjE4MDAwMDAwMDAwMDAsInJlYWQiOjMwMDAwMDAwMDAwMCwidXBkYXRlIjoxODAwMDAwMDAwMDAwfX0=",
          "dependencies": [
            "module.networking_module.azurerm_network_security_group.nsg",
            "module.networking_module.azurerm_virtual_network.network",
            "module.networking_module.module.general_module.azurerm_resource_group.resourcegrp"
          ]
        }
      ]
    },
    {
      "module": "module.networking_module",
      "mode": "managed",
      "type": "azurerm_public_ip",
      "name": "bastionip",
      "provider": "provider[\"registry.terraform.io/hashicorp/azurerm\"]",
      "instances": [
        {
          "index_key": 0,
          "schema_version": 0,
          "attributes": {
            "allocation_method": "Static",
            "ddos_protection_mode": "VirtualNetworkInherited",
            "ddos_protection_plan_id": null,
            "domain_name_label": null,
            "edge_zone": "",
            "fqdn": null,
            "id": "/subscriptions/1ed2ad0b-f27c-450a-b603-d1a5da681ba2/resourceGroups/staging-grp/providers/Microsoft.Network/publicIPAddresses/bastion-ip",
            "idle_timeout_in_minutes": 4,
            "ip_address": "74.234.112.183",
            "ip_tags": null,
            "ip_version": "IPv4",
            "location": "northeurope",
            "name": "bastion-ip",
            "public_ip_prefix_id": null,
            "resource_group_name": "staging-grp",
            "reverse_fqdn": null,
            "sku": "Standard",
            "sku_tier": "Regional",
            "tags": null,
            "timeouts": null,
            "zones": null
          },
          "sensitive_attributes": [],
          "private": "eyJlMmJmYjczMC1lY2FhLTExZTYtOGY4OC0zNDM2M2JjN2M0YzAiOnsiY3JlYXRlIjoxODAwMDAwMDAwMDAwLCJkZWxldGUiOjE4MDAwMDAwMDAwMDAsInJlYWQiOjMwMDAwMDAwMDAwMCwidXBkYXRlIjoxODAwMDAwMDAwMDAwfX0=",
          "dependencies": [
            "module.networking_module.module.general_module.azurerm_resource_group.resourcegrp"
          ]
        }
      ]
    },
    {
      "module": "module.networking_module",
      "mode": "managed",
      "type": "azurerm_subnet",
      "name": "bastionsubnet",
      "provider": "provider[\"registry.terraform.io/hashicorp/azurerm\"]",
      "instances": [
        {
          "index_key": 0,
          "schema_version": 0,
          "attributes": {
            "address_prefixes": [
              "10.0.10.0/24"
            ],
            "delegation": [],
            "enforce_private_link_endpoint_network_policies": false,
            "enforce_private_link_service_network_policies": false,
            "id": "/subscriptions/1ed2ad0b-f27c-450a-b603-d1a5da681ba2/resourceGroups/staging-grp/providers/Microsoft.Network/virtualNetworks/staging-network/subnets/AzureBastionSubnet",
            "name": "AzureBastionSubnet",
            "private_endpoint_network_policies_enabled": true,
            "private_link_service_network_policies_enabled": true,
            "resource_group_name": "staging-grp",
            "service_endpoint_policy_ids": null,
            "service_endpoints": null,
            "timeouts": null,
            "virtual_network_name": "staging-network"
          },
          "sensitive_attributes": [],
          "private": "eyJlMmJmYjczMC1lY2FhLTExZTYtOGY4OC0zNDM2M2JjN2M0YzAiOnsiY3JlYXRlIjoxODAwMDAwMDAwMDAwLCJkZWxldGUiOjE4MDAwMDAwMDAwMDAsInJlYWQiOjMwMDAwMDAwMDAwMCwidXBkYXRlIjoxODAwMDAwMDAwMDAwfX0=",
          "dependencies": [
            "module.networking_module.azurerm_virtual_network.network",
            "module.networking_module.module.general_module.azurerm_resource_group.resourcegrp"
          ]
        }
      ]
    },
    {
      "module": "module.networking_module",
      "mode": "managed",
      "type": "azurerm_subnet",
      "name": "subnets",
      "provider": "provider[\"registry.terraform.io/hashicorp/azurerm\"]",
      "instances": [
        {
          "index_key": "db-subnet",
          "schema_version": 0,
          "attributes": {
            "address_prefixes": [
              "10.0.0.0/24"
            ],
            "delegation": [],
            "enforce_private_link_endpoint_network_policies": false,
            "enforce_private_link_service_network_policies": false,
            "id": "/subscriptions/1ed2ad0b-f27c-450a-b603-d1a5da681ba2/resourceGroups/staging-grp/providers/Microsoft.Network/virtualNetworks/staging-network/subnets/db-subnet",
            "name": "db-subnet",
            "private_endpoint_network_policies_enabled": true,
            "private_link_service_network_policies_enabled": true,
            "resource_group_name": "staging-grp",
            "service_endpoint_policy_ids": null,
            "service_endpoints": null,
            "timeouts": null,
            "virtual_network_name": "staging-network"
          },
          "sensitive_attributes": [],
          "private": "eyJlMmJmYjczMC1lY2FhLTExZTYtOGY4OC0zNDM2M2JjN2M0YzAiOnsiY3JlYXRlIjoxODAwMDAwMDAwMDAwLCJkZWxldGUiOjE4MDAwMDAwMDAwMDAsInJlYWQiOjMwMDAwMDAwMDAwMCwidXBkYXRlIjoxODAwMDAwMDAwMDAwfX0=",
          "dependencies": [
            "module.networking_module.azurerm_virtual_network.network",
            "module.networking_module.module.general_module.azurerm_resource_group.resourcegrp"
          ]
        },
        {
          "index_key": "web-subnet",
          "schema_version": 0,
          "attributes": {
            "address_prefixes": [
              "10.0.1.0/24"
            ],
            "delegation": [],
            "enforce_private_link_endpoint_network_policies": false,
            "enforce_private_link_service_network_policies": false,
            "id": "/subscriptions/1ed2ad0b-f27c-450a-b603-d1a5da681ba2/resourceGroups/staging-grp/providers/Microsoft.Network/virtualNetworks/staging-network/subnets/web-subnet",
            "name": "web-subnet",
            "private_endpoint_network_policies_enabled": true,
            "private_link_service_network_policies_enabled": true,
            "resource_group_name": "staging-grp",
            "service_endpoint_policy_ids": null,
            "service_endpoints": null,
            "timeouts": null,
            "virtual_network_name": "staging-network"
          },
          "sensitive_attributes": [],
          "private": "eyJlMmJmYjczMC1lY2FhLTExZTYtOGY4OC0zNDM2M2JjN2M0YzAiOnsiY3JlYXRlIjoxODAwMDAwMDAwMDAwLCJkZWxldGUiOjE4MDAwMDAwMDAwMDAsInJlYWQiOjMwMDAwMDAwMDAwMCwidXBkYXRlIjoxODAwMDAwMDAwMDAwfX0=",
          "dependencies": [
            "module.networking_module.azurerm_virtual_network.network",
            "module.networking_module.module.general_module.azurerm_resource_group.resourcegrp"
          ]
        }
      ]
    },
    {
      "module": "module.networking_module",
      "mode": "managed",
      "type": "azurerm_subnet_network_security_group_association",
      "name": "nsg-link",
      "provider": "provider[\"registry.terraform.io/hashicorp/azurerm\"]",
      "instances": [
        {
          "index_key": "db-nsg",
          "schema_version": 0,
          "attributes": {
            "id": "/subscriptions/1ed2ad0b-f27c-450a-b603-d1a5da681ba2/resourceGroups/staging-grp/providers/Microsoft.Network/virtualNetworks/staging-network/subnets/db-subnet",
            "network_security_group_id": "/subscriptions/1ed2ad0b-f27c-450a-b603-d1a5da681ba2/resourceGroups/staging-grp/providers/Microsoft.Network/networkSecurityGroups/db-nsg",
            "subnet_id": "/subscriptions/1ed2ad0b-f27c-450a-b603-d1a5da681ba2/resourceGroups/staging-grp/providers/Microsoft.Network/virtualNetworks/staging-network/subnets/db-subnet",
            "timeouts": null
          },
          "sensitive_attributes": [],
          "private": "eyJlMmJmYjczMC1lY2FhLTExZTYtOGY4OC0zNDM2M2JjN2M0YzAiOnsiY3JlYXRlIjoxODAwMDAwMDAwMDAwLCJkZWxldGUiOjE4MDAwMDAwMDAwMDAsInJlYWQiOjMwMDAwMDAwMDAwMCwidXBkYXRlIjoxODAwMDAwMDAwMDAwfX0=",
          "dependencies": [
            "module.networking_module.azurerm_network_security_group.nsg",
            "module.networking_module.azurerm_subnet.subnets",
            "module.networking_module.azurerm_virtual_network.network",
            "module.networking_module.module.general_module.azurerm_resource_group.resourcegrp"
          ]
        },
        {
          "index_key": "web-nsg",
          "schema_version": 0,
          "attributes": {
            "id": "/subscriptions/1ed2ad0b-f27c-450a-b603-d1a5da681ba2/resourceGroups/staging-grp/providers/Microsoft.Network/virtualNetworks/staging-network/subnets/web-subnet",
            "network_security_group_id": "/subscriptions/1ed2ad0b-f27c-450a-b603-d1a5da681ba2/resourceGroups/staging-grp/providers/Microsoft.Network/networkSecurityGroups/web-nsg",
            "subnet_id": "/subscriptions/1ed2ad0b-f27c-450a-b603-d1a5da681ba2/resourceGroups/staging-grp/providers/Microsoft.Network/virtualNetworks/staging-network/subnets/web-subnet",
            "timeouts": null
          },
          "sensitive_attributes": [],
          "private": "eyJlMmJmYjczMC1lY2FhLTExZTYtOGY4OC0zNDM2M2JjN2M0YzAiOnsiY3JlYXRlIjoxODAwMDAwMDAwMDAwLCJkZWxldGUiOjE4MDAwMDAwMDAwMDAsInJlYWQiOjMwMDAwMDAwMDAwMCwidXBkYXRlIjoxODAwMDAwMDAwMDAwfX0=",
          "dependencies": [
            "module.networking_module.azurerm_network_security_group.nsg",
            "module.networking_module.azurerm_subnet.subnets",
            "module.networking_module.azurerm_virtual_network.network",
            "module.networking_module.module.general_module.azurerm_resource_group.resourcegrp"
          ]
        }
      ]
    },
    {
      "module": "module.networking_module",
      "mode": "managed",
      "type": "azurerm_virtual_network",
      "name": "network",
      "provider": "provider[\"registry.terraform.io/hashicorp/azurerm\"]",
      "instances": [
        {
          "schema_version": 0,
          "attributes": {
            "address_space": [
              "10.0.0.0/16"
            ],
            "bgp_community": "",
            "ddos_protection_plan": [],
            "dns_servers": [],
            "edge_zone": "",
            "encryption": [],
            "flow_timeout_in_minutes": 0,
            "guid": "339bf5ca-a56e-4e78-8c8b-9e73fc058eba",
            "id": "/subscriptions/1ed2ad0b-f27c-450a-b603-d1a5da681ba2/resourceGroups/staging-grp/providers/Microsoft.Network/virtualNetworks/staging-network",
            "location": "northeurope",
            "name": "staging-network",
            "resource_group_name": "staging-grp",
            "subnet": [],
            "tags": null,
            "timeouts": null
          },
          "sensitive_attributes": [],
          "private": "eyJlMmJmYjczMC1lY2FhLTExZTYtOGY4OC0zNDM2M2JjN2M0YzAiOnsiY3JlYXRlIjoxODAwMDAwMDAwMDAwLCJkZWxldGUiOjE4MDAwMDAwMDAwMDAsInJlYWQiOjMwMDAwMDAwMDAwMCwidXBkYXRlIjoxODAwMDAwMDAwMDAwfX0=",
          "dependencies": [
            "module.networking_module.module.general_module.azurerm_resource_group.resourcegrp"
          ]
        }
      ]
    },
    {
      "module": "module.networking_module.module.general_module",
      "mode": "managed",
      "type": "azurerm_resource_group",
      "name": "resourcegrp",
      "provider": "provider[\"registry.terraform.io/hashicorp/azurerm\"]",
      "instances": [
        {
          "schema_version": 0,
          "attributes": {
            "id": "/subscriptions/1ed2ad0b-f27c-450a-b603-d1a5da681ba2/resourceGroups/staging-grp",
            "location": "northeurope",
            "managed_by": "",
            "name": "staging-grp",
            "tags": null,
            "timeouts": null
          },
          "sensitive_attributes": [],
          "private": "eyJlMmJmYjczMC1lY2FhLTExZTYtOGY4OC0zNDM2M2JjN2M0YzAiOnsiY3JlYXRlIjo1NDAwMDAwMDAwMDAwLCJkZWxldGUiOjU0MDAwMDAwMDAwMDAsInJlYWQiOjMwMDAwMDAwMDAwMCwidXBkYXRlIjo1NDAwMDAwMDAwMDAwfX0="
        }
      ]
    },
    {
      "module": "module.storage_module",
      "mode": "managed",
      "type": "azurerm_storage_account",
      "name": "storageaccount",
      "provider": "provider[\"registry.terraform.io/hashicorp/azurerm\"]",
      "instances": [
        {
          "index_key": 0,
          "schema_version": 4,
          "attributes": {
            "access_tier": "Hot",
            "account_kind": "StorageV2",
            "account_replication_type": "LRS",
            "account_tier": "Standard",
            "allow_nested_items_to_be_public": true,
            "allowed_copy_scope": "",
            "azure_files_authentication": [],
            "blob_properties": [
              {
                "change_feed_enabled": false,
                "change_feed_retention_in_days": 0,
                "container_delete_retention_policy": [],
                "cors_rule": [],
                "default_service_version": "",
                "delete_retention_policy": [],
                "last_access_time_enabled": false,
                "restore_policy": [],
                "versioning_enabled": false
              }
            ],
            "cross_tenant_replication_enabled": true,
            "custom_domain": [],
            "customer_managed_key": [],
            "default_to_oauth_authentication": false,
            "edge_zone": "",
            "enable_https_traffic_only": true,
            "id": "/subscriptions/1ed2ad0b-f27c-450a-b603-d1a5da681ba2/resourceGroups/staging-grp/providers/Microsoft.Storage/storageAccounts/appstore4656656",
            "identity": [],
            "immutability_policy": [],
            "infrastructure_encryption_enabled": false,
            "is_hns_enabled": false,
            "large_file_share_enabled": null,
            "location": "northeurope",
            "min_tls_version": "TLS1_2",
            "name": "appstore4656656",
            "network_rules": [
              {
                "bypass": [
                  "AzureServices"
                ],
                "default_action": "Allow",
                "ip_rules": [],
                "private_link_access": [],
                "virtual_network_subnet_ids": []
              }
            ],
            "nfsv3_enabled": false,
            "primary_access_key": "TmOLwaeRpn/RKXRqEqFcByaVGCncm9UQmYgUdgOqu6FUkqAVp+BTt6kAzFPd7Z5wKj1rqL+3axPW+AStY1vmIQ==",
            "primary_blob_connection_string": "DefaultEndpointsProtocol=https;BlobEndpoint=https://appstore4656656.blob.core.windows.net/;AccountName=appstore4656656;AccountKey=TmOLwaeRpn/RKXRqEqFcByaVGCncm9UQmYgUdgOqu6FUkqAVp+BTt6kAzFPd7Z5wKj1rqL+3axPW+AStY1vmIQ==",
            "primary_blob_endpoint": "https://appstore4656656.blob.core.windows.net/",
            "primary_blob_host": "appstore4656656.blob.core.windows.net",
            "primary_connection_string": "DefaultEndpointsProtocol=https;AccountName=appstore4656656;AccountKey=TmOLwaeRpn/RKXRqEqFcByaVGCncm9UQmYgUdgOqu6FUkqAVp+BTt6kAzFPd7Z5wKj1rqL+3axPW+AStY1vmIQ==;EndpointSuffix=core.windows.net",
            "primary_dfs_endpoint": "https://appstore4656656.dfs.core.windows.net/",
            "primary_dfs_host": "appstore4656656.dfs.core.windows.net",
            "primary_file_endpoint": "https://appstore4656656.file.core.windows.net/",
            "primary_file_host": "appstore4656656.file.core.windows.net",
            "primary_location": "northeurope",
            "primary_queue_endpoint": "https://appstore4656656.queue.core.windows.net/",
            "primary_queue_host": "appstore4656656.queue.core.windows.net",
            "primary_table_endpoint": "https://appstore4656656.table.core.windows.net/",
            "primary_table_host": "appstore4656656.table.core.windows.net",
            "primary_web_endpoint": "https://appstore4656656.z16.web.core.windows.net/",
            "primary_web_host": "appstore4656656.z16.web.core.windows.net",
            "public_network_access_enabled": true,
            "queue_encryption_key_type": "Service",
            "queue_properties": [
              {
                "cors_rule": [],
                "hour_metrics": [
                  {
                    "enabled": true,
                    "include_apis": true,
                    "retention_policy_days": 7,
                    "version": "1.0"
                  }
                ],
                "logging": [
                  {
                    "delete": false,
                    "read": false,
                    "retention_policy_days": 0,
                    "version": "1.0",
                    "write": false
                  }
                ],
                "minute_metrics": [
                  {
                    "enabled": false,
                    "include_apis": false,
                    "retention_policy_days": 0,
                    "version": "1.0"
                  }
                ]
              }
            ],
            "resource_group_name": "staging-grp",
            "routing": [],
            "sas_policy": [],
            "secondary_access_key": "Tl2G0goqi+remeUv8/8l7LIWfC6w7cFawGbyCY30qy7NepHVrI56zbU8psGo/4FPO5PAMVYPwk8z+AStHmqaEg==",
            "secondary_blob_connection_string": "",
            "secondary_blob_endpoint": null,
            "secondary_blob_host": null,
            "secondary_connection_string": "DefaultEndpointsProtocol=https;AccountName=appstore4656656;AccountKey=Tl2G0goqi+remeUv8/8l7LIWfC6w7cFawGbyCY30qy7NepHVrI56zbU8psGo/4FPO5PAMVYPwk8z+AStHmqaEg==;EndpointSuffix=core.windows.net",
            "secondary_dfs_endpoint": null,
            "secondary_dfs_host": null,
            "secondary_file_endpoint": null,
            "secondary_file_host": null,
            "secondary_location": "",
            "secondary_queue_endpoint": null,
            "secondary_queue_host": null,
            "secondary_table_endpoint": null,
            "secondary_table_host": null,
            "secondary_web_endpoint": null,
            "secondary_web_host": null,
            "sftp_enabled": false,
            "share_properties": [
              {
                "cors_rule": [],
                "retention_policy": [
                  {
                    "days": 7
                  }
                ],
                "smb": []
              }
            ],
            "shared_access_key_enabled": true,
            "static_website": [],
            "table_encryption_key_type": "Service",
            "tags": null,
            "timeouts": null
          },
          "sensitive_attributes": [],
          "private": "eyJlMmJmYjczMC1lY2FhLTExZTYtOGY4OC0zNDM2M2JjN2M0YzAiOnsiY3JlYXRlIjozNjAwMDAwMDAwMDAwLCJkZWxldGUiOjM2MDAwMDAwMDAwMDAsInJlYWQiOjMwMDAwMDAwMDAwMCwidXBkYXRlIjozNjAwMDAwMDAwMDAwfSwic2NoZW1hX3ZlcnNpb24iOiI0In0=",
          "dependencies": [
            "module.general_module.azurerm_resource_group.resourcegrp"
          ]
        }
      ]
    },
    {
      "module": "module.storage_module",
      "mode": "managed",
      "type": "azurerm_storage_blob",
      "name": "blob",
      "provider": "provider[\"registry.terraform.io/hashicorp/azurerm\"]",
      "instances": [
        {
          "index_key": "01.sql",
          "schema_version": 1,
          "attributes": {
            "access_tier": "Hot",
            "cache_control": "",
            "content_md5": "",
            "content_type": "application/octet-stream",
            "id": "https://appstore4656656.blob.core.windows.net/scripts/01.sql",
            "metadata": {},
            "name": "01.sql",
            "parallelism": 8,
            "size": 0,
            "source": null,
            "source_content": "CREATE TABLE [dbo].[Products](\r\n\t[ProductID] [int] NULL,\r\n\t[ProductName] [varchar](1000) NULL,\r\n\t[Quantity] [int] NULL,\r\n\t[ProductImage] [varchar](1000) NULL\r\n) ON [PRIMARY]\r\n\r\nINSERT INTO Products(ProductID,ProductName,Quantity,ProductImage) VALUES (1,'Mobile',100,'https://appstore4656656.blob.core.windows.net/images/Mobile.jpg')\r\n\r\nINSERT INTO Products(ProductID,ProductName,Quantity,ProductImage) VALUES (2,'Laptop',200,'https://appstore4656656.blob.core.windows.net/images/Laptop.jpg')\r\n\r\nINSERT INTO Products(ProductID,ProductName,Quantity,ProductImage) VALUES (3,'Tabs',300,'https://appstore4656656.blob.core.windows.net/images/Tab.jpg')\r\n\r\n     \t",
            "source_uri": null,
            "storage_account_name": "appstore4656656",
            "storage_container_name": "scripts",
            "timeouts": null,
            "type": "Block",
            "url": "https://appstore4656656.blob.core.windows.net/scripts/01.sql"
          },
          "sensitive_attributes": [],
          "private": "eyJlMmJmYjczMC1lY2FhLTExZTYtOGY4OC0zNDM2M2JjN2M0YzAiOnsiY3JlYXRlIjoxODAwMDAwMDAwMDAwLCJkZWxldGUiOjE4MDAwMDAwMDAwMDAsInJlYWQiOjMwMDAwMDAwMDAwMCwidXBkYXRlIjoxODAwMDAwMDAwMDAwfSwic2NoZW1hX3ZlcnNpb24iOiIxIn0=",
          "dependencies": [
            "module.general_module.azurerm_resource_group.resourcegrp",
            "module.storage_module.azurerm_storage_account.storageaccount",
            "module.storage_module.azurerm_storage_container.container"
          ]
        },
        {
          "index_key": "Script.ps1",
          "schema_version": 1,
          "attributes": {
            "access_tier": "Hot",
            "cache_control": "",
            "content_md5": "",
            "content_type": "application/octet-stream",
            "id": "https://appstore4656656.blob.core.windows.net/scripts/Script.ps1",
            "metadata": {},
            "name": "Script.ps1",
            "parallelism": 8,
            "size": 0,
            "source": null,
            "source_content": "$LoginName=\"sqladmin\"\r\n$LoginPassword=\"Azure@1234\"\r\n$DatabaseName=\"appdb\"\r\n$ServerName=\"dbvm\"\r\n$DBQuery=\"CREATE DATABASE appdb\"\r\n\r\n\r\nInvoke-SqlCmd -ServerInstance $ServerName -U $LoginName -p $LoginPassword -Query $DBQuery\r\n\r\n\r\n$LoginName=\"sqladmin\"\r\n$LoginPassword=\"Azure@1234\"\r\n$ServerName=\"dbvm\"\r\n$DatabaseName=\"appdb\"\r\n$ScriptFile=\"https://appstore4656656.blob.core.windows.net/scripts/01.sql\"\r\n$Destination=\"D:\\01.sql\"\r\n\r\n\r\nInvoke-WebRequest -Uri $ScriptFile -OutFile $Destination\r\nInvoke-SqlCmd -ServerInstance $ServerName -InputFile $Destination -Database $DatabaseName -Username $LoginName -Password $LoginPassword\r\n\r\n\r\n",
            "source_uri": null,
            "storage_account_name": "appstore4656656",
            "storage_container_name": "scripts",
            "timeouts": null,
            "type": "Block",
            "url": "https://appstore4656656.blob.core.windows.net/scripts/Script.ps1"
          },
          "sensitive_attributes": [],
          "private": "eyJlMmJmYjczMC1lY2FhLTExZTYtOGY4OC0zNDM2M2JjN2M0YzAiOnsiY3JlYXRlIjoxODAwMDAwMDAwMDAwLCJkZWxldGUiOjE4MDAwMDAwMDAwMDAsInJlYWQiOjMwMDAwMDAwMDAwMCwidXBkYXRlIjoxODAwMDAwMDAwMDAwfSwic2NoZW1hX3ZlcnNpb24iOiIxIn0=",
          "dependencies": [
            "module.general_module.azurerm_resource_group.resourcegrp",
            "module.storage_module.azurerm_storage_account.storageaccount",
            "module.storage_module.azurerm_storage_container.container"
          ]
        }
      ]
    },
    {
      "module": "module.storage_module",
      "mode": "managed",
      "type": "azurerm_storage_container",
      "name": "container",
      "provider": "provider[\"registry.terraform.io/hashicorp/azurerm\"]",
      "instances": [
        {
          "schema_version": 1,
          "attributes": {
            "container_access_type": "blob",
            "has_immutability_policy": false,
            "has_legal_hold": false,
            "id": "https://appstore4656656.blob.core.windows.net/scripts",
            "metadata": {},
            "name": "scripts",
            "resource_manager_id": "/subscriptions/1ed2ad0b-f27c-450a-b603-d1a5da681ba2/resourceGroups/staging-grp/providers/Microsoft.Storage/storageAccounts/appstore4656656/blobServices/default/containers/scripts",
            "storage_account_name": "appstore4656656",
            "timeouts": null
          },
          "sensitive_attributes": [],
          "private": "eyJlMmJmYjczMC1lY2FhLTExZTYtOGY4OC0zNDM2M2JjN2M0YzAiOnsiY3JlYXRlIjoxODAwMDAwMDAwMDAwLCJkZWxldGUiOjE4MDAwMDAwMDAwMDAsInJlYWQiOjMwMDAwMDAwMDAwMCwidXBkYXRlIjoxODAwMDAwMDAwMDAwfSwic2NoZW1hX3ZlcnNpb24iOiIxIn0=",
          "dependencies": [
            "module.general_module.azurerm_resource_group.resourcegrp",
            "module.storage_module.azurerm_storage_account.storageaccount"
          ]
        }
      ]
    }
  ],
  "check_results": null
}
