{
  "version": 4,
  "terraform_version": "1.5.7",
  "serial": 219,
  "lineage": "a9145ecb-58c5-1d76-268d-23f86cabc3ef",
  "outputs": {
    "randomid": {
      "value": "2caede75-e017-3827-a9ad-016742bf730b",
      "type": "string"
    },
    "sas": {
      "value": "https://webstore2caede75.blob.core.windows.net/logs?sv=2018-11-09\u0026sr=c\u0026st=2023-09-01\u0026se=2023-09-30\u0026sp=racwdl\u0026spr=https\u0026sig=S32p7odHmqDKcgT4m9zC0nb%2F70ldJAUjuktiVGJAFI8%3D",
      "type": "string"
    }
  },
  "resources": [
    {
      "mode": "data",
      "type": "azurerm_storage_account_blob_container_sas",
      "name": "accountsas",
      "provider": "provider[\"registry.terraform.io/hashicorp/azurerm\"]",
      "instances": [
        {
          "schema_version": 0,
          "attributes": {
            "cache_control": null,
            "connection_string": "DefaultEndpointsProtocol=https;AccountName=webstore2caede75;AccountKey=UwpbguiYV/+CDxNIW1ZGBTNChBNkV0RS5ZLdo3dF83EWM5op8c5/+0Bqzp7S6DU1OIIaXbtFgtd/+ASt+2JUHA==;EndpointSuffix=core.windows.net",
            "container_name": "logs",
            "content_disposition": null,
            "content_encoding": null,
            "content_language": null,
            "content_type": null,
            "expiry": "2023-09-30",
            "https_only": true,
            "id": "53b73abd2005ff9f4571d84ca06e7a1dcf4e94cb0bc674158bc28a675615efc7",
            "ip_address": null,
            "permissions": [
              {
                "add": true,
                "create": true,
                "delete": true,
                "list": true,
                "read": true,
                "write": true
              }
            ],
            "sas": "?sv=2018-11-09\u0026sr=c\u0026st=2023-09-01\u0026se=2023-09-30\u0026sp=racwdl\u0026spr=https\u0026sig=S32p7odHmqDKcgT4m9zC0nb%2F70ldJAUjuktiVGJAFI8%3D",
            "start": "2023-09-01",
            "timeouts": null
          },
          "sensitive_attributes": [
            [
              {
                "type": "get_attr",
                "value": "connection_string"
              }
            ]
          ]
        }
      ]
    },
    {
      "mode": "managed",
      "type": "azurerm_app_service_source_control",
      "name": "appservice_sourcecontrol",
      "provider": "provider[\"registry.terraform.io/hashicorp/azurerm\"]",
      "instances": [
        {
          "schema_version": 0,
          "attributes": {
            "app_id": "/subscriptions/1ed2ad0b-f27c-450a-b603-d1a5da681ba2/resourceGroups/abc/providers/Microsoft.Web/sites/companyabc1000",
            "branch": "master",
            "github_action_configuration": [],
            "id": "/subscriptions/1ed2ad0b-f27c-450a-b603-d1a5da681ba2/resourceGroups/abc/providers/Microsoft.Web/sites/companyabc1000",
            "repo_url": "https://github.com/arisu-sakayanagi/sqlapp",
            "rollback_enabled": false,
            "scm_type": "ExternalGit",
            "timeouts": null,
            "use_local_git": false,
            "use_manual_integration": true,
            "use_mercurial": false,
            "uses_github_action": false
          },
          "sensitive_attributes": [],
          "private": "eyJlMmJmYjczMC1lY2FhLTExZTYtOGY4OC0zNDM2M2JjN2M0YzAiOnsiY3JlYXRlIjoxODAwMDAwMDAwMDAwLCJkZWxldGUiOjE4MDAwMDAwMDAwMDAsInJlYWQiOjMwMDAwMDAwMDAwMH19",
          "dependencies": [
            "azurerm_mssql_database.abcdb",
            "azurerm_mssql_server.sqlserver",
            "azurerm_resource_group.abc",
            "azurerm_service_plan.companyplan",
            "azurerm_windows_web_app.companyabc1000"
          ]
        }
      ]
    },
    {
      "mode": "managed",
      "type": "azurerm_application_insights",
      "name": "abcinsights",
      "provider": "provider[\"registry.terraform.io/hashicorp/azurerm\"]",
      "instances": [
        {
          "schema_version": 1,
          "attributes": {
            "app_id": "3103387f-6bb4-405c-9a28-229e1d28e942",
            "application_type": "web",
            "connection_string": "InstrumentationKey=9fc6f439-530f-42f0-a319-1be6a5325718;IngestionEndpoint=https://japaneast-1.in.applicationinsights.azure.com/;LiveEndpoint=https://japaneast.livediagnostics.monitor.azure.com/",
            "daily_data_cap_in_gb": 100,
            "daily_data_cap_notifications_disabled": false,
            "disable_ip_masking": false,
            "force_customer_storage_for_profiler": false,
            "id": "/subscriptions/1ed2ad0b-f27c-450a-b603-d1a5da681ba2/resourceGroups/abc/providers/Microsoft.Insights/components/appinsights-be1c3d08",
            "instrumentation_key": "9fc6f439-530f-42f0-a319-1be6a5325718",
            "internet_ingestion_enabled": true,
            "internet_query_enabled": true,
            "local_authentication_disabled": false,
            "location": "japaneast",
            "name": "appinsights-be1c3d08",
            "resource_group_name": "abc",
            "retention_in_days": 90,
            "sampling_percentage": 100,
            "tags": {},
            "timeouts": null,
            "workspace_id": "/subscriptions/1ed2ad0b-f27c-450a-b603-d1a5da681ba2/resourceGroups/abc/providers/Microsoft.OperationalInsights/workspaces/appworkspace-9ae19373"
          },
          "sensitive_attributes": [],
          "private": "eyJlMmJmYjczMC1lY2FhLTExZTYtOGY4OC0zNDM2M2JjN2M0YzAiOnsiY3JlYXRlIjozNjAwMDAwMDAwMDAwLCJkZWxldGUiOjE4MDAwMDAwMDAwMDAsInJlYWQiOjMwMDAwMDAwMDAwMCwidXBkYXRlIjoxODAwMDAwMDAwMDAwfSwic2NoZW1hX3ZlcnNpb24iOiIxIn0=",
          "dependencies": [
            "azurerm_log_analytics_workspace.abcworkspace",
            "azurerm_resource_group.abc",
            "random_uuid.abcinsightsidentifier",
            "random_uuid.abcworkspaceidentifier"
          ]
        }
      ]
    },
    {
      "mode": "managed",
      "type": "azurerm_log_analytics_workspace",
      "name": "abcworkspace",
      "provider": "provider[\"registry.terraform.io/hashicorp/azurerm\"]",
      "instances": [
        {
          "schema_version": 3,
          "attributes": {
            "allow_resource_only_permissions": true,
            "cmk_for_query_forced": false,
            "daily_quota_gb": -1,
            "id": "/subscriptions/1ed2ad0b-f27c-450a-b603-d1a5da681ba2/resourceGroups/abc/providers/Microsoft.OperationalInsights/workspaces/appworkspace-9ae19373",
            "internet_ingestion_enabled": true,
            "internet_query_enabled": true,
            "local_authentication_disabled": false,
            "location": "japaneast",
            "name": "appworkspace-9ae19373",
            "primary_shared_key": "J7hHf4KUA1P/8ZEUfsh6UfrJf9M7H6VaDkji5932/wObeLYDwQeCS3jLGUKulgTrMLcx77BYSDic3IIOyA8qig==",
            "reservation_capacity_in_gb_per_day": null,
            "resource_group_name": "abc",
            "retention_in_days": 30,
            "secondary_shared_key": "XRKqD7jmK376j0qyqhH/EmHuZ8filzU0le2uYf276myp2lQ32GSgtSCJ+LgA8uVQ9PCOowsvFM5f1AALh6r30Q==",
            "sku": "PerGB2018",
            "tags": {},
            "timeouts": null,
            "workspace_id": "712e60e3-1f3d-452c-b550-d999ee671c82"
          },
          "sensitive_attributes": [],
          "private": "eyJlMmJmYjczMC1lY2FhLTExZTYtOGY4OC0zNDM2M2JjN2M0YzAiOnsiY3JlYXRlIjoxODAwMDAwMDAwMDAwLCJkZWxldGUiOjE4MDAwMDAwMDAwMDAsInJlYWQiOjMwMDAwMDAwMDAwMCwidXBkYXRlIjoxODAwMDAwMDAwMDAwfSwic2NoZW1hX3ZlcnNpb24iOiIzIn0=",
          "dependencies": [
            "azurerm_resource_group.abc",
            "random_uuid.abcworkspaceidentifier"
          ]
        }
      ]
    },
    {
      "mode": "managed",
      "type": "azurerm_log_analytics_workspace",
      "name": "dbworkspace",
      "provider": "provider[\"registry.terraform.io/hashicorp/azurerm\"]",
      "instances": [
        {
          "schema_version": 3,
          "attributes": {
            "allow_resource_only_permissions": true,
            "cmk_for_query_forced": false,
            "daily_quota_gb": -1,
            "id": "/subscriptions/1ed2ad0b-f27c-450a-b603-d1a5da681ba2/resourceGroups/abc/providers/Microsoft.OperationalInsights/workspaces/dbworkspace-a5d6dccc",
            "internet_ingestion_enabled": true,
            "internet_query_enabled": true,
            "local_authentication_disabled": false,
            "location": "japaneast",
            "name": "dbworkspace-a5d6dccc",
            "primary_shared_key": "9Pi042JM5aSVR86zWHGbf21RodNOekKDKgPrGlVU/9cHW9HjhB2Zv/KJJSHV42oqYkL4espSl89/BtsK0eVU1Q==",
            "reservation_capacity_in_gb_per_day": null,
            "resource_group_name": "abc",
            "retention_in_days": 30,
            "secondary_shared_key": "6h9JWsMhNOKuWaF+vNEI4EbLa2d+aaHACwVmDq1XlcsjwXqrwDuPPLCZBKDeEP5ZAJvOAMSuLD4Kj6M1qU7Lmg==",
            "sku": "PerGB2018",
            "tags": {},
            "timeouts": null,
            "workspace_id": "f5032581-21cd-4c06-99d5-c23ef405c9e2"
          },
          "sensitive_attributes": [],
          "private": "eyJlMmJmYjczMC1lY2FhLTExZTYtOGY4OC0zNDM2M2JjN2M0YzAiOnsiY3JlYXRlIjoxODAwMDAwMDAwMDAwLCJkZWxldGUiOjE4MDAwMDAwMDAwMDAsInJlYWQiOjMwMDAwMDAwMDAwMCwidXBkYXRlIjoxODAwMDAwMDAwMDAwfSwic2NoZW1hX3ZlcnNpb24iOiIzIn0=",
          "dependencies": [
            "azurerm_resource_group.abc",
            "random_uuid.dbworkspaceidentifier"
          ]
        }
      ]
    },
    {
      "mode": "managed",
      "type": "azurerm_monitor_diagnostic_setting",
      "name": "diagnosticsetting",
      "provider": "provider[\"registry.terraform.io/hashicorp/azurerm\"]",
      "instances": [
        {
          "schema_version": 0,
          "attributes": {
            "enabled_log": [
              {
                "category": "SQLSecurityAuditEvents",
                "category_group": "",
                "retention_policy": [
                  {
                    "days": 0,
                    "enabled": false
                  }
                ]
              }
            ],
            "eventhub_authorization_rule_id": "",
            "eventhub_name": "",
            "id": "/subscriptions/1ed2ad0b-f27c-450a-b603-d1a5da681ba2/resourceGroups/abc/providers/Microsoft.Sql/servers/sqlserver-33deab17/databases/abcdb|abcdb-setting",
            "log": [
              {
                "category": "SQLSecurityAuditEvents",
                "category_group": null,
                "enabled": true,
                "retention_policy": [
                  {
                    "days": null,
                    "enabled": false
                  }
                ]
              }
            ],
            "log_analytics_destination_type": "",
            "log_analytics_workspace_id": "/subscriptions/1ed2ad0b-f27c-450a-b603-d1a5da681ba2/resourceGroups/abc/providers/Microsoft.OperationalInsights/workspaces/dbworkspace-a5d6dccc",
            "metric": [],
            "name": "abcdb-setting",
            "partner_solution_id": null,
            "storage_account_id": null,
            "target_resource_id": "/subscriptions/1ed2ad0b-f27c-450a-b603-d1a5da681ba2/resourceGroups/abc/providers/Microsoft.Sql/servers/sqlserver-33deab17/databases/abcdb",
            "timeouts": null
          },
          "sensitive_attributes": [],
          "private": "eyJlMmJmYjczMC1lY2FhLTExZTYtOGY4OC0zNDM2M2JjN2M0YzAiOnsiY3JlYXRlIjoxODAwMDAwMDAwMDAwLCJkZWxldGUiOjM2MDAwMDAwMDAwMDAsInJlYWQiOjMwMDAwMDAwMDAwMCwidXBkYXRlIjoxODAwMDAwMDAwMDAwfX0=",
          "dependencies": [
            "azurerm_log_analytics_workspace.dbworkspace",
            "azurerm_mssql_database.abcdb"
          ]
        }
      ]
    },
    {
      "mode": "managed",
      "type": "azurerm_mssql_database",
      "name": "abcdb",
      "provider": "provider[\"registry.terraform.io/hashicorp/azurerm\"]",
      "instances": [
        {
          "schema_version": 1,
          "attributes": {
            "auto_pause_delay_in_minutes": 0,
            "collation": "SQL_Latin1_General_CP1_CI_AS",
            "create_mode": "Default",
            "creation_source_database_id": null,
            "elastic_pool_id": "",
            "geo_backup_enabled": true,
            "id": "/subscriptions/1ed2ad0b-f27c-450a-b603-d1a5da681ba2/resourceGroups/abc/providers/Microsoft.Sql/servers/sqlserver-33deab17/databases/abcdb",
            "import": [],
            "ledger_enabled": false,
            "license_type": "LicenseIncluded",
            "long_term_retention_policy": [
              {
                "monthly_retention": "PT0S",
                "week_of_year": 1,
                "weekly_retention": "PT0S",
                "yearly_retention": "PT0S"
              }
            ],
            "maintenance_configuration_name": "SQL_Default",
            "max_size_gb": 2,
            "min_capacity": 0,
            "name": "abcdb",
            "read_replica_count": 0,
            "read_scale": false,
            "recover_database_id": null,
            "restore_dropped_database_id": null,
            "restore_point_in_time": null,
            "sample_name": null,
            "server_id": "/subscriptions/1ed2ad0b-f27c-450a-b603-d1a5da681ba2/resourceGroups/abc/providers/Microsoft.Sql/servers/sqlserver-33deab17",
            "short_term_retention_policy": [
              {
                "backup_interval_in_hours": 24,
                "retention_days": 7
              }
            ],
            "sku_name": "Basic",
            "storage_account_type": "Geo",
            "tags": {},
            "threat_detection_policy": [
              {
                "disabled_alerts": [],
                "email_account_admins": "Disabled",
                "email_addresses": [],
                "retention_days": 0,
                "state": "Disabled",
                "storage_account_access_key": "",
                "storage_endpoint": ""
              }
            ],
            "timeouts": null,
            "transparent_data_encryption_enabled": true,
            "zone_redundant": false
          },
          "sensitive_attributes": [],
          "private": "eyJlMmJmYjczMC1lY2FhLTExZTYtOGY4OC0zNDM2M2JjN2M0YzAiOnsiY3JlYXRlIjozNjAwMDAwMDAwMDAwLCJkZWxldGUiOjM2MDAwMDAwMDAwMDAsInJlYWQiOjMwMDAwMDAwMDAwMCwidXBkYXRlIjozNjAwMDAwMDAwMDAwfSwic2NoZW1hX3ZlcnNpb24iOiIxIn0=",
          "dependencies": [
            "azurerm_mssql_server.sqlserver",
            "azurerm_resource_group.abc",
            "random_uuid.sqlserveridentifier"
          ]
        }
      ]
    },
    {
      "mode": "managed",
      "type": "azurerm_mssql_database_extended_auditing_policy",
      "name": "sqlauditing",
      "provider": "provider[\"registry.terraform.io/hashicorp/azurerm\"]",
      "instances": [
        {
          "schema_version": 0,
          "attributes": {
            "database_id": "/subscriptions/1ed2ad0b-f27c-450a-b603-d1a5da681ba2/resourceGroups/abc/providers/Microsoft.Sql/servers/sqlserver-33deab17/databases/abcdb",
            "enabled": true,
            "id": "/subscriptions/1ed2ad0b-f27c-450a-b603-d1a5da681ba2/resourceGroups/abc/providers/Microsoft.Sql/servers/sqlserver-33deab17/databases/abcdb/extendedAuditingSettings/Default",
            "log_monitoring_enabled": true,
            "retention_in_days": 0,
            "storage_account_access_key": null,
            "storage_account_access_key_is_secondary": false,
            "storage_endpoint": "",
            "timeouts": null
          },
          "sensitive_attributes": [],
          "private": "eyJlMmJmYjczMC1lY2FhLTExZTYtOGY4OC0zNDM2M2JjN2M0YzAiOnsiY3JlYXRlIjoxODAwMDAwMDAwMDAwLCJkZWxldGUiOjE4MDAwMDAwMDAwMDAsInJlYWQiOjMwMDAwMDAwMDAwMCwidXBkYXRlIjoxODAwMDAwMDAwMDAwfX0=",
          "dependencies": [
            "azurerm_mssql_database.abcdb",
            "azurerm_mssql_server.sqlserver",
            "azurerm_resource_group.abc",
            "random_uuid.sqlserveridentifier"
          ]
        }
      ]
    },
    {
      "mode": "managed",
      "type": "azurerm_mssql_firewall_rule",
      "name": "allowmyclient",
      "provider": "provider[\"registry.terraform.io/hashicorp/azurerm\"]",
      "instances": [
        {
          "schema_version": 0,
          "attributes": {
            "end_ip_address": "58.186.165.103",
            "id": "/subscriptions/1ed2ad0b-f27c-450a-b603-d1a5da681ba2/resourceGroups/abc/providers/Microsoft.Sql/servers/sqlserver-33deab17/firewallRules/AllowClientIP",
            "name": "AllowClientIP",
            "server_id": "/subscriptions/1ed2ad0b-f27c-450a-b603-d1a5da681ba2/resourceGroups/abc/providers/Microsoft.Sql/servers/sqlserver-33deab17",
            "start_ip_address": "58.186.165.103",
            "timeouts": null
          },
          "sensitive_attributes": [],
          "private": "eyJlMmJmYjczMC1lY2FhLTExZTYtOGY4OC0zNDM2M2JjN2M0YzAiOnsiY3JlYXRlIjoxODAwMDAwMDAwMDAwLCJkZWxldGUiOjE4MDAwMDAwMDAwMDAsInJlYWQiOjMwMDAwMDAwMDAwMCwidXBkYXRlIjoxODAwMDAwMDAwMDAwfX0=",
          "dependencies": [
            "azurerm_mssql_server.sqlserver",
            "azurerm_resource_group.abc",
            "random_uuid.sqlserveridentifier"
          ]
        }
      ]
    },
    {
      "mode": "managed",
      "type": "azurerm_mssql_firewall_rule",
      "name": "allowservices",
      "provider": "provider[\"registry.terraform.io/hashicorp/azurerm\"]",
      "instances": [
        {
          "schema_version": 0,
          "attributes": {
            "end_ip_address": "0.0.0.0",
            "id": "/subscriptions/1ed2ad0b-f27c-450a-b603-d1a5da681ba2/resourceGroups/abc/providers/Microsoft.Sql/servers/sqlserver-33deab17/firewallRules/AllowAzureServices",
            "name": "AllowAzureServices",
            "server_id": "/subscriptions/1ed2ad0b-f27c-450a-b603-d1a5da681ba2/resourceGroups/abc/providers/Microsoft.Sql/servers/sqlserver-33deab17",
            "start_ip_address": "0.0.0.0",
            "timeouts": null
          },
          "sensitive_attributes": [],
          "private": "eyJlMmJmYjczMC1lY2FhLTExZTYtOGY4OC0zNDM2M2JjN2M0YzAiOnsiY3JlYXRlIjoxODAwMDAwMDAwMDAwLCJkZWxldGUiOjE4MDAwMDAwMDAwMDAsInJlYWQiOjMwMDAwMDAwMDAwMCwidXBkYXRlIjoxODAwMDAwMDAwMDAwfX0=",
          "dependencies": [
            "azurerm_mssql_server.sqlserver"
          ]
        }
      ]
    },
    {
      "mode": "managed",
      "type": "azurerm_mssql_server",
      "name": "sqlserver",
      "provider": "provider[\"registry.terraform.io/hashicorp/azurerm\"]",
      "instances": [
        {
          "schema_version": 0,
          "attributes": {
            "administrator_login": "sqladmin",
            "administrator_login_password": "Azure@3456",
            "azuread_administrator": [],
            "connection_policy": "Default",
            "fully_qualified_domain_name": "sqlserver-33deab17.database.windows.net",
            "id": "/subscriptions/1ed2ad0b-f27c-450a-b603-d1a5da681ba2/resourceGroups/abc/providers/Microsoft.Sql/servers/sqlserver-33deab17",
            "identity": [],
            "location": "japaneast",
            "minimum_tls_version": "1.2",
            "name": "sqlserver-33deab17",
            "outbound_network_restriction_enabled": false,
            "primary_user_assigned_identity_id": "",
            "public_network_access_enabled": true,
            "resource_group_name": "abc",
            "restorable_dropped_database_ids": [],
            "tags": {},
            "timeouts": null,
            "transparent_data_encryption_key_vault_key_id": "",
            "version": "12.0"
          },
          "sensitive_attributes": [],
          "private": "eyJlMmJmYjczMC1lY2FhLTExZTYtOGY4OC0zNDM2M2JjN2M0YzAiOnsiY3JlYXRlIjozNjAwMDAwMDAwMDAwLCJkZWxldGUiOjM2MDAwMDAwMDAwMDAsInJlYWQiOjMwMDAwMDAwMDAwMCwidXBkYXRlIjozNjAwMDAwMDAwMDAwfX0=",
          "dependencies": [
            "azurerm_resource_group.abc",
            "random_uuid.sqlserveridentifier"
          ]
        }
      ]
    },
    {
      "mode": "managed",
      "type": "azurerm_resource_group",
      "name": "abc",
      "provider": "provider[\"registry.terraform.io/hashicorp/azurerm\"]",
      "instances": [
        {
          "schema_version": 0,
          "attributes": {
            "id": "/subscriptions/1ed2ad0b-f27c-450a-b603-d1a5da681ba2/resourceGroups/abc",
            "location": "japaneast",
            "managed_by": "",
            "name": "abc",
            "tags": {},
            "timeouts": null
          },
          "sensitive_attributes": [],
          "private": "eyJlMmJmYjczMC1lY2FhLTExZTYtOGY4OC0zNDM2M2JjN2M0YzAiOnsiY3JlYXRlIjo1NDAwMDAwMDAwMDAwLCJkZWxldGUiOjU0MDAwMDAwMDAwMDAsInJlYWQiOjMwMDAwMDAwMDAwMCwidXBkYXRlIjo1NDAwMDAwMDAwMDAwfX0="
        }
      ]
    },
    {
      "mode": "managed",
      "type": "azurerm_service_plan",
      "name": "companyplan",
      "provider": "provider[\"registry.terraform.io/hashicorp/azurerm\"]",
      "instances": [
        {
          "schema_version": 0,
          "attributes": {
            "app_service_environment_id": "",
            "id": "/subscriptions/1ed2ad0b-f27c-450a-b603-d1a5da681ba2/resourceGroups/abc/providers/Microsoft.Web/serverfarms/companyplan",
            "kind": "app",
            "location": "japaneast",
            "maximum_elastic_worker_count": 1,
            "name": "companyplan",
            "os_type": "Windows",
            "per_site_scaling_enabled": false,
            "reserved": false,
            "resource_group_name": "abc",
            "sku_name": "S1",
            "tags": {},
            "timeouts": null,
            "worker_count": 1,
            "zone_balancing_enabled": false
          },
          "sensitive_attributes": [],
          "private": "eyJlMmJmYjczMC1lY2FhLTExZTYtOGY4OC0zNDM2M2JjN2M0YzAiOnsiY3JlYXRlIjozNjAwMDAwMDAwMDAwLCJkZWxldGUiOjM2MDAwMDAwMDAwMDAsInJlYWQiOjMwMDAwMDAwMDAwMCwidXBkYXRlIjozNjAwMDAwMDAwMDAwfX0=",
          "dependencies": [
            "azurerm_resource_group.abc"
          ]
        }
      ]
    },
    {
      "mode": "managed",
      "type": "azurerm_storage_account",
      "name": "webstorageresource",
      "provider": "provider[\"registry.terraform.io/hashicorp/azurerm\"]",
      "instances": [
        {
          "schema_version": 4,
          "attributes": {
            "access_tier": "Hot",
            "account_kind": "StorageV2",
            "account_replication_type": "LRS",
            "account_tier": "Standard",
            "allow_nested_items_to_be_public": true,
            "allowed_copy_scope": "",
            "azure_files_authentication": [],
            "blob_properties": [
              {
                "change_feed_enabled": false,
                "change_feed_retention_in_days": 0,
                "container_delete_retention_policy": [],
                "cors_rule": [],
                "default_service_version": "",
                "delete_retention_policy": [],
                "last_access_time_enabled": false,
                "restore_policy": [],
                "versioning_enabled": false
              }
            ],
            "cross_tenant_replication_enabled": true,
            "custom_domain": [],
            "customer_managed_key": [],
            "default_to_oauth_authentication": false,
            "edge_zone": "",
            "enable_https_traffic_only": true,
            "id": "/subscriptions/1ed2ad0b-f27c-450a-b603-d1a5da681ba2/resourceGroups/abc/providers/Microsoft.Storage/storageAccounts/webstore2caede75",
            "identity": [],
            "immutability_policy": [],
            "infrastructure_encryption_enabled": false,
            "is_hns_enabled": false,
            "large_file_share_enabled": null,
            "location": "japaneast",
            "min_tls_version": "TLS1_2",
            "name": "webstore2caede75",
            "network_rules": [
              {
                "bypass": [
                  "AzureServices"
                ],
                "default_action": "Allow",
                "ip_rules": [],
                "private_link_access": [],
                "virtual_network_subnet_ids": []
              }
            ],
            "nfsv3_enabled": false,
            "primary_access_key": "UwpbguiYV/+CDxNIW1ZGBTNChBNkV0RS5ZLdo3dF83EWM5op8c5/+0Bqzp7S6DU1OIIaXbtFgtd/+ASt+2JUHA==",
            "primary_blob_connection_string": "DefaultEndpointsProtocol=https;BlobEndpoint=https://webstore2caede75.blob.core.windows.net/;AccountName=webstore2caede75;AccountKey=UwpbguiYV/+CDxNIW1ZGBTNChBNkV0RS5ZLdo3dF83EWM5op8c5/+0Bqzp7S6DU1OIIaXbtFgtd/+ASt+2JUHA==",
            "primary_blob_endpoint": "https://webstore2caede75.blob.core.windows.net/",
            "primary_blob_host": "webstore2caede75.blob.core.windows.net",
            "primary_connection_string": "DefaultEndpointsProtocol=https;AccountName=webstore2caede75;AccountKey=UwpbguiYV/+CDxNIW1ZGBTNChBNkV0RS5ZLdo3dF83EWM5op8c5/+0Bqzp7S6DU1OIIaXbtFgtd/+ASt+2JUHA==;EndpointSuffix=core.windows.net",
            "primary_dfs_endpoint": "https://webstore2caede75.dfs.core.windows.net/",
            "primary_dfs_host": "webstore2caede75.dfs.core.windows.net",
            "primary_file_endpoint": "https://webstore2caede75.file.core.windows.net/",
            "primary_file_host": "webstore2caede75.file.core.windows.net",
            "primary_location": "japaneast",
            "primary_queue_endpoint": "https://webstore2caede75.queue.core.windows.net/",
            "primary_queue_host": "webstore2caede75.queue.core.windows.net",
            "primary_table_endpoint": "https://webstore2caede75.table.core.windows.net/",
            "primary_table_host": "webstore2caede75.table.core.windows.net",
            "primary_web_endpoint": "https://webstore2caede75.z11.web.core.windows.net/",
            "primary_web_host": "webstore2caede75.z11.web.core.windows.net",
            "public_network_access_enabled": true,
            "queue_encryption_key_type": "Service",
            "queue_properties": [
              {
                "cors_rule": [],
                "hour_metrics": [
                  {
                    "enabled": true,
                    "include_apis": true,
                    "retention_policy_days": 7,
                    "version": "1.0"
                  }
                ],
                "logging": [
                  {
                    "delete": false,
                    "read": false,
                    "retention_policy_days": 0,
                    "version": "1.0",
                    "write": false
                  }
                ],
                "minute_metrics": [
                  {
                    "enabled": false,
                    "include_apis": false,
                    "retention_policy_days": 0,
                    "version": "1.0"
                  }
                ]
              }
            ],
            "resource_group_name": "abc",
            "routing": [],
            "sas_policy": [],
            "secondary_access_key": "rsNgK4B1G14oE2ulKqfmGo42p4f4tP3FCqTjCLhIYfS5XvNvifGJaxyhsc3axu0VhWOoq/r1Q63u+AStf9nyHA==",
            "secondary_blob_connection_string": "",
            "secondary_blob_endpoint": null,
            "secondary_blob_host": null,
            "secondary_connection_string": "DefaultEndpointsProtocol=https;AccountName=webstore2caede75;AccountKey=rsNgK4B1G14oE2ulKqfmGo42p4f4tP3FCqTjCLhIYfS5XvNvifGJaxyhsc3axu0VhWOoq/r1Q63u+AStf9nyHA==;EndpointSuffix=core.windows.net",
            "secondary_dfs_endpoint": null,
            "secondary_dfs_host": null,
            "secondary_file_endpoint": null,
            "secondary_file_host": null,
            "secondary_location": "",
            "secondary_queue_endpoint": null,
            "secondary_queue_host": null,
            "secondary_table_endpoint": null,
            "secondary_table_host": null,
            "secondary_web_endpoint": null,
            "secondary_web_host": null,
            "sftp_enabled": false,
            "share_properties": [
              {
                "cors_rule": [],
                "retention_policy": [
                  {
                    "days": 7
                  }
                ],
                "smb": []
              }
            ],
            "shared_access_key_enabled": true,
            "static_website": [],
            "table_encryption_key_type": "Service",
            "tags": {},
            "timeouts": null
          },
          "sensitive_attributes": [],
          "private": "eyJlMmJmYjczMC1lY2FhLTExZTYtOGY4OC0zNDM2M2JjN2M0YzAiOnsiY3JlYXRlIjozNjAwMDAwMDAwMDAwLCJkZWxldGUiOjM2MDAwMDAwMDAwMDAsInJlYWQiOjMwMDAwMDAwMDAwMCwidXBkYXRlIjozNjAwMDAwMDAwMDAwfSwic2NoZW1hX3ZlcnNpb24iOiI0In0=",
          "dependencies": [
            "azurerm_resource_group.abc",
            "random_uuid.storageaccountidentifier"
          ]
        }
      ]
    },
    {
      "mode": "managed",
      "type": "azurerm_storage_container",
      "name": "logs",
      "provider": "provider[\"registry.terraform.io/hashicorp/azurerm\"]",
      "instances": [
        {
          "schema_version": 1,
          "attributes": {
            "container_access_type": "blob",
            "has_immutability_policy": false,
            "has_legal_hold": false,
            "id": "https://webstore2caede75.blob.core.windows.net/logs",
            "metadata": {},
            "name": "logs",
            "resource_manager_id": "/subscriptions/1ed2ad0b-f27c-450a-b603-d1a5da681ba2/resourceGroups/abc/providers/Microsoft.Storage/storageAccounts/webstore2caede75/blobServices/default/containers/logs",
            "storage_account_name": "webstore2caede75",
            "timeouts": null
          },
          "sensitive_attributes": [],
          "private": "eyJlMmJmYjczMC1lY2FhLTExZTYtOGY4OC0zNDM2M2JjN2M0YzAiOnsiY3JlYXRlIjoxODAwMDAwMDAwMDAwLCJkZWxldGUiOjE4MDAwMDAwMDAwMDAsInJlYWQiOjMwMDAwMDAwMDAwMCwidXBkYXRlIjoxODAwMDAwMDAwMDAwfSwic2NoZW1hX3ZlcnNpb24iOiIxIn0=",
          "dependencies": [
            "azurerm_resource_group.abc",
            "azurerm_storage_account.webstorageresource",
            "random_uuid.storageaccountidentifier"
          ]
        }
      ]
    },
    {
      "mode": "managed",
      "type": "azurerm_web_app_active_slot",
      "name": "staging",
      "provider": "provider[\"registry.terraform.io/hashicorp/azurerm\"]",
      "instances": [
        {
          "schema_version": 0,
          "attributes": {
            "id": "/subscriptions/1ed2ad0b-f27c-450a-b603-d1a5da681ba2/resourceGroups/abc/providers/Microsoft.Web/sites/companyabc1000",
            "last_successful_swap": "2023-09-20T13:40:03.374Z",
            "overwrite_network_config": true,
            "slot_id": "/subscriptions/1ed2ad0b-f27c-450a-b603-d1a5da681ba2/resourceGroups/abc/providers/Microsoft.Web/sites/companyabc1000/slots/staging",
            "timeouts": null
          },
          "sensitive_attributes": [],
          "private": "eyJlMmJmYjczMC1lY2FhLTExZTYtOGY4OC0zNDM2M2JjN2M0YzAiOnsiY3JlYXRlIjoxODAwMDAwMDAwMDAwLCJkZWxldGUiOjMwMDAwMDAwMDAwMCwicmVhZCI6MzAwMDAwMDAwMDAwLCJ1cGRhdGUiOjE4MDAwMDAwMDAwMDB9fQ==",
          "dependencies": [
            "azurerm_mssql_database.abcdb",
            "azurerm_mssql_server.sqlserver",
            "azurerm_resource_group.abc",
            "azurerm_service_plan.companyplan",
            "azurerm_windows_web_app.companyabc1000",
            "azurerm_windows_web_app_slot.staging",
            "random_uuid.sqlserveridentifier"
          ]
        }
      ]
    },
    {
      "mode": "managed",
      "type": "azurerm_windows_web_app",
      "name": "companyabc1000",
      "provider": "provider[\"registry.terraform.io/hashicorp/azurerm\"]",
      "instances": [
        {
          "schema_version": 0,
          "attributes": {
            "app_settings": {},
            "auth_settings": [],
            "auth_settings_v2": [],
            "backup": [],
            "client_affinity_enabled": false,
            "client_certificate_enabled": false,
            "client_certificate_exclusion_paths": "",
            "client_certificate_mode": "Required",
            "connection_string": [
              {
                "name": "SQLConnection",
                "type": "SQLAzure",
                "value": "Data Source=tcp:sqlserver-33deab17.database.windows.net,1433;Initial Catalog=abcdb;User Id=sqladmin;Password='Azure@3456';"
              }
            ],
            "custom_domain_verification_id": "6E7C082167822C80A5162830611853FAD5F86E06968E9B1FA3F9C9C278A4F022",
            "default_hostname": "companyabc1000.azurewebsites.net",
            "enabled": true,
            "hosting_environment_id": "",
            "https_only": false,
            "id": "/subscriptions/1ed2ad0b-f27c-450a-b603-d1a5da681ba2/resourceGroups/abc/providers/Microsoft.Web/sites/companyabc1000",
            "identity": [],
            "key_vault_reference_identity_id": "SystemAssigned",
            "kind": "app",
            "location": "japaneast",
            "logs": [],
            "name": "companyabc1000",
            "outbound_ip_address_list": [
              "20.194.191.14",
              "20.194.191.192",
              "20.191.168.83",
              "20.191.169.67",
              "20.191.169.70",
              "20.191.169.82",
              "20.43.67.37"
            ],
            "outbound_ip_addresses": "20.194.191.14,20.194.191.192,20.191.168.83,20.191.169.67,20.191.169.70,20.191.169.82,20.43.67.37",
            "possible_outbound_ip_address_list": [
              "20.194.191.14",
              "20.194.191.192",
              "20.191.168.83",
              "20.191.169.67",
              "20.191.169.70",
              "20.191.169.82",
              "20.194.190.90",
              "20.191.170.27",
              "20.191.170.144",
              "20.191.171.39",
              "20.191.171.87",
              "20.191.171.116",
              "20.191.171.215",
              "20.191.171.221",
              "20.191.171.245",
              "20.191.172.34",
              "20.191.172.45",
              "20.191.170.14",
              "20.191.172.47",
              "20.191.172.72",
              "20.191.172.80",
              "20.191.172.141",
              "20.191.171.90",
              "20.191.172.144",
              "20.191.172.159",
              "20.191.172.175",
              "20.191.172.176",
              "20.48.64.37",
              "20.48.67.44",
              "20.191.172.188",
              "20.43.67.37"
            ],
            "possible_outbound_ip_addresses": "20.194.191.14,20.194.191.192,20.191.168.83,20.191.169.67,20.191.169.70,20.191.169.82,20.194.190.90,20.191.170.27,20.191.170.144,20.191.171.39,20.191.171.87,20.191.171.116,20.191.171.215,20.191.171.221,20.191.171.245,20.191.172.34,20.191.172.45,20.191.170.14,20.191.172.47,20.191.172.72,20.191.172.80,20.191.172.141,20.191.171.90,20.191.172.144,20.191.172.159,20.191.172.175,20.191.172.176,20.48.64.37,20.48.67.44,20.191.172.188,20.43.67.37",
            "public_network_access_enabled": true,
            "resource_group_name": "abc",
            "service_plan_id": "/subscriptions/1ed2ad0b-f27c-450a-b603-d1a5da681ba2/resourceGroups/abc/providers/Microsoft.Web/serverfarms/companyplan",
            "site_config": [
              {
                "always_on": true,
                "api_definition_url": "",
                "api_management_api_id": "",
                "app_command_line": "",
                "application_stack": [
                  {
                    "current_stack": "dotnet",
                    "docker_container_name": "",
                    "docker_container_registry": "",
                    "docker_container_tag": "",
                    "docker_image_name": "",
                    "docker_registry_password": "",
                    "docker_registry_url": "",
                    "docker_registry_username": "",
                    "dotnet_core_version": "",
                    "dotnet_version": "v6.0",
                    "java_container": "",
                    "java_container_version": "",
                    "java_embedded_server_enabled": false,
                    "java_version": "",
                    "node_version": "6.9.1",
                    "php_version": "5.6",
                    "python": false,
                    "python_version": "",
                    "tomcat_version": ""
                  }
                ],
                "auto_heal_enabled": false,
                "auto_heal_setting": [],
                "container_registry_managed_identity_client_id": "",
                "container_registry_use_managed_identity": false,
                "cors": [],
                "default_documents": [
                  "Default.htm",
                  "Default.html",
                  "Default.asp",
                  "index.htm",
                  "index.html",
                  "iisstart.htm",
                  "default.aspx",
                  "index.php",
                  "hostingstart.html"
                ],
                "detailed_error_logging_enabled": false,
                "ftps_state": "Disabled",
                "health_check_eviction_time_in_min": 0,
                "health_check_path": "",
                "http2_enabled": false,
                "ip_restriction": [],
                "linux_fx_version": "",
                "load_balancing_mode": "LeastRequests",
                "local_mysql_enabled": false,
                "managed_pipeline_mode": "Integrated",
                "minimum_tls_version": "1.2",
                "remote_debugging_enabled": false,
                "remote_debugging_version": "VS2019",
                "scm_ip_restriction": [],
                "scm_minimum_tls_version": "1.2",
                "scm_type": "None",
                "scm_use_main_ip_restriction": false,
                "use_32_bit_worker": true,
                "virtual_application": [],
                "vnet_route_all_enabled": false,
                "websockets_enabled": false,
                "windows_fx_version": "",
                "worker_count": 1
              }
            ],
            "site_credential": [
              {
                "name": "$companyabc1000",
                "password": "fHNquPZ0EfauKQdeqrayEsSnpn10uFA1gzj0JitKvxZKl2Men8Ekg9B0GftP"
              }
            ],
            "sticky_settings": [],
            "storage_account": [],
            "tags": {},
            "timeouts": null,
            "virtual_network_subnet_id": "",
            "zip_deploy_file": ""
          },
          "sensitive_attributes": [
            [
              {
                "type": "get_attr",
                "value": "connection_string"
              }
            ]
          ],
          "private": "eyJlMmJmYjczMC1lY2FhLTExZTYtOGY4OC0zNDM2M2JjN2M0YzAiOnsiY3JlYXRlIjoxODAwMDAwMDAwMDAwLCJkZWxldGUiOjE4MDAwMDAwMDAwMDAsInJlYWQiOjMwMDAwMDAwMDAwMCwidXBkYXRlIjoxODAwMDAwMDAwMDAwfX0=",
          "dependencies": [
            "azurerm_mssql_database.abcdb",
            "azurerm_mssql_server.sqlserver",
            "azurerm_resource_group.abc",
            "azurerm_service_plan.companyplan"
          ]
        }
      ]
    },
    {
      "mode": "managed",
      "type": "azurerm_windows_web_app_slot",
      "name": "staging",
      "provider": "provider[\"registry.terraform.io/hashicorp/azurerm\"]",
      "instances": [
        {
          "schema_version": 0,
          "attributes": {
            "app_service_id": "/subscriptions/1ed2ad0b-f27c-450a-b603-d1a5da681ba2/resourceGroups/abc/providers/Microsoft.Web/sites/companyabc1000",
            "app_settings": {},
            "auth_settings": [],
            "auth_settings_v2": [],
            "backup": [],
            "client_affinity_enabled": false,
            "client_certificate_enabled": false,
            "client_certificate_exclusion_paths": "",
            "client_certificate_mode": "Required",
            "connection_string": [],
            "custom_domain_verification_id": "6E7C082167822C80A5162830611853FAD5F86E06968E9B1FA3F9C9C278A4F022",
            "default_hostname": "companyabc1000-staging.azurewebsites.net",
            "enabled": true,
            "hosting_environment_id": "",
            "https_only": false,
            "id": "/subscriptions/1ed2ad0b-f27c-450a-b603-d1a5da681ba2/resourceGroups/abc/providers/Microsoft.Web/sites/companyabc1000/slots/staging",
            "identity": [],
            "key_vault_reference_identity_id": "SystemAssigned",
            "kind": "app",
            "logs": [],
            "name": "staging",
            "outbound_ip_address_list": [
              "20.194.191.14",
              "20.194.191.192",
              "20.191.168.83",
              "20.191.169.67",
              "20.191.169.70",
              "20.191.169.82",
              "20.43.67.37"
            ],
            "outbound_ip_addresses": "20.194.191.14,20.194.191.192,20.191.168.83,20.191.169.67,20.191.169.70,20.191.169.82,20.43.67.37",
            "possible_outbound_ip_address_list": [
              "20.194.191.14",
              "20.194.191.192",
              "20.191.168.83",
              "20.191.169.67",
              "20.191.169.70",
              "20.191.169.82",
              "20.194.190.90",
              "20.191.170.27",
              "20.191.170.144",
              "20.191.171.39",
              "20.191.171.87",
              "20.191.171.116",
              "20.191.171.215",
              "20.191.171.221",
              "20.191.171.245",
              "20.191.172.34",
              "20.191.172.45",
              "20.191.170.14",
              "20.191.172.47",
              "20.191.172.72",
              "20.191.172.80",
              "20.191.172.141",
              "20.191.171.90",
              "20.191.172.144",
              "20.191.172.159",
              "20.191.172.175",
              "20.191.172.176",
              "20.48.64.37",
              "20.48.67.44",
              "20.191.172.188",
              "20.43.67.37"
            ],
            "possible_outbound_ip_addresses": "20.194.191.14,20.194.191.192,20.191.168.83,20.191.169.67,20.191.169.70,20.191.169.82,20.194.190.90,20.191.170.27,20.191.170.144,20.191.171.39,20.191.171.87,20.191.171.116,20.191.171.215,20.191.171.221,20.191.171.245,20.191.172.34,20.191.172.45,20.191.170.14,20.191.172.47,20.191.172.72,20.191.172.80,20.191.172.141,20.191.171.90,20.191.172.144,20.191.172.159,20.191.172.175,20.191.172.176,20.48.64.37,20.48.67.44,20.191.172.188,20.43.67.37",
            "public_network_access_enabled": true,
            "service_plan_id": "",
            "site_config": [
              {
                "always_on": true,
                "api_definition_url": "",
                "api_management_api_id": "",
                "app_command_line": "",
                "application_stack": [
                  {
                    "current_stack": "dotnet",
                    "docker_container_name": "",
                    "docker_container_registry": "",
                    "docker_container_tag": "",
                    "docker_image_name": "",
                    "docker_registry_password": "",
                    "docker_registry_url": "",
                    "docker_registry_username": "",
                    "dotnet_core_version": "",
                    "dotnet_version": "v6.0",
                    "java_container": "",
                    "java_container_version": "",
                    "java_embedded_server_enabled": false,
                    "java_version": "",
                    "node_version": "",
                    "php_version": "5.6",
                    "python": false,
                    "python_version": "",
                    "tomcat_version": ""
                  }
                ],
                "auto_heal_enabled": false,
                "auto_heal_setting": [],
                "auto_swap_slot_name": "",
                "container_registry_managed_identity_client_id": "",
                "container_registry_use_managed_identity": false,
                "cors": [],
                "default_documents": [
                  "Default.htm",
                  "Default.html",
                  "Default.asp",
                  "index.htm",
                  "index.html",
                  "iisstart.htm",
                  "default.aspx",
                  "index.php",
                  "hostingstart.html"
                ],
                "detailed_error_logging_enabled": false,
                "ftps_state": "Disabled",
                "health_check_eviction_time_in_min": 0,
                "health_check_path": "",
                "http2_enabled": false,
                "ip_restriction": [],
                "load_balancing_mode": "LeastRequests",
                "local_mysql_enabled": false,
                "managed_pipeline_mode": "Integrated",
                "minimum_tls_version": "1.2",
                "remote_debugging_enabled": false,
                "remote_debugging_version": "VS2019",
                "scm_ip_restriction": [],
                "scm_minimum_tls_version": "1.2",
                "scm_type": "None",
                "scm_use_main_ip_restriction": false,
                "use_32_bit_worker": true,
                "virtual_application": [],
                "vnet_route_all_enabled": false,
                "websockets_enabled": false,
                "windows_fx_version": "",
                "worker_count": 1
              }
            ],
            "site_credential": [
              {
                "name": "$companyabc1000__staging",
                "password": "LHuLqvMqXqKLKWgGwcQlobWmHlHF4dedWoX19DiAKnl2LWtyRu2qCqyFv62w"
              }
            ],
            "storage_account": [],
            "tags": {},
            "timeouts": null,
            "virtual_network_subnet_id": "",
            "zip_deploy_file": ""
          },
          "sensitive_attributes": [],
          "private": "eyJlMmJmYjczMC1lY2FhLTExZTYtOGY4OC0zNDM2M2JjN2M0YzAiOnsiY3JlYXRlIjoxODAwMDAwMDAwMDAwLCJkZWxldGUiOjE4MDAwMDAwMDAwMDAsInJlYWQiOjMwMDAwMDAwMDAwMCwidXBkYXRlIjoxODAwMDAwMDAwMDAwfX0=",
          "dependencies": [
            "azurerm_mssql_database.abcdb",
            "azurerm_mssql_server.sqlserver",
            "azurerm_resource_group.abc",
            "azurerm_service_plan.companyplan",
            "azurerm_windows_web_app.companyabc1000"
          ]
        }
      ]
    },
    {
      "mode": "managed",
      "type": "null_resource",
      "name": "database_setup",
      "provider": "provider[\"registry.terraform.io/hashicorp/null\"]",
      "instances": [
        {
          "schema_version": 0,
          "attributes": {
            "id": "6787220780451659160",
            "triggers": null
          },
          "sensitive_attributes": [],
          "dependencies": [
            "azurerm_mssql_database.abcdb",
            "azurerm_mssql_server.sqlserver",
            "azurerm_resource_group.abc",
            "random_uuid.sqlserveridentifier"
          ]
        }
      ]
    },
    {
      "mode": "managed",
      "type": "random_uuid",
      "name": "abcinsightsidentifier",
      "provider": "provider[\"registry.terraform.io/hashicorp/random\"]",
      "instances": [
        {
          "schema_version": 0,
          "attributes": {
            "id": "be1c3d08-271a-5b74-11d0-313e7e5c7b0e",
            "keepers": null,
            "result": "be1c3d08-271a-5b74-11d0-313e7e5c7b0e"
          },
          "sensitive_attributes": []
        }
      ]
    },
    {
      "mode": "managed",
      "type": "random_uuid",
      "name": "abcworkspaceidentifier",
      "provider": "provider[\"registry.terraform.io/hashicorp/random\"]",
      "instances": [
        {
          "schema_version": 0,
          "attributes": {
            "id": "9ae19373-dd45-e1df-4105-08f7793c0909",
            "keepers": null,
            "result": "9ae19373-dd45-e1df-4105-08f7793c0909"
          },
          "sensitive_attributes": []
        }
      ]
    },
    {
      "mode": "managed",
      "type": "random_uuid",
      "name": "dbworkspaceidentifier",
      "provider": "provider[\"registry.terraform.io/hashicorp/random\"]",
      "instances": [
        {
          "schema_version": 0,
          "attributes": {
            "id": "a5d6dccc-3759-a7ac-16d4-a9e7b4f2d40f",
            "keepers": null,
            "result": "a5d6dccc-3759-a7ac-16d4-a9e7b4f2d40f"
          },
          "sensitive_attributes": []
        }
      ]
    },
    {
      "mode": "managed",
      "type": "random_uuid",
      "name": "sqlserveridentifier",
      "provider": "provider[\"registry.terraform.io/hashicorp/random\"]",
      "instances": [
        {
          "schema_version": 0,
          "attributes": {
            "id": "33deab17-b00d-d067-8843-b77e3d35bbf5",
            "keepers": null,
            "result": "33deab17-b00d-d067-8843-b77e3d35bbf5"
          },
          "sensitive_attributes": []
        }
      ]
    },
    {
      "mode": "managed",
      "type": "random_uuid",
      "name": "storageaccountidentifier",
      "provider": "provider[\"registry.terraform.io/hashicorp/random\"]",
      "instances": [
        {
          "schema_version": 0,
          "attributes": {
            "id": "2caede75-e017-3827-a9ad-016742bf730b",
            "keepers": null,
            "result": "2caede75-e017-3827-a9ad-016742bf730b"
          },
          "sensitive_attributes": []
        }
      ]
    }
  ],
  "check_results": null
}
